<?xml version="1.0" encoding="UTF-8"?>
<Scheme
   LastUpgradeVersion = "1330"
   version = "1.3">
   <BuildAction
      parallelizeBuildables = "YES"
      buildImplicitDependencies = "YES">
      <BuildActionEntries>
         <BuildActionEntry
            buildForTesting = "YES"
            buildForRunning = "YES"
            buildForProfiling = "YES"
            buildForArchiving = "YES"
            buildForAnalyzing = "YES">
            <BuildableReference
               BuildableIdentifier = "primary"
               BlueprintIdentifier = "1E1D7FEC281D5CBE00B64954"
               BuildableName = "VoiceOver Designer.app"
               BlueprintName = "VoiceOver Designer"
               ReferencedContainer = "container:VoiceOver Designer.xcodeproj">
            </BuildableReference>
         </BuildActionEntry>
      </BuildActionEntries>
   </BuildAction>
   <TestAction
      buildConfiguration = "Debug"
      selectedDebuggerIdentifier = "Xcode.DebuggerFoundation.Debugger.LLDB"
      selectedLauncherIdentifier = "Xcode.DebuggerFoundation.Launcher.LLDB"
      shouldUseLaunchSchemeArgsEnv = "YES"
      codeCoverageEnabled = "YES">
      <Testables>
         <TestableReference
            skipped = "NO">
            <BuildableReference
               BuildableIdentifier = "primary"
               BlueprintIdentifier = "DocumentTests"
               BuildableName = "DocumentTests"
               BlueprintName = "DocumentTests"
               ReferencedContainer = "container:Document">
            </BuildableReference>
         </TestableReference>
         <TestableReference
            skipped = "NO">
            <BuildableReference
               BuildableIdentifier = "primary"
               BlueprintIdentifier = "EditorTests"
               BuildableName = "EditorTests"
               BlueprintName = "EditorTests"
               ReferencedContainer = "container:VoiceOver Designer/Features">
            </BuildableReference>
         </TestableReference>
         <TestableReference
            skipped = "NO">
            <BuildableReference
               BuildableIdentifier = "primary"
               BlueprintIdentifier = "ProjectsTests"
               BuildableName = "ProjectsTests"
               BlueprintName = "ProjectsTests"
               ReferencedContainer = "container:VoiceOver Designer/Features">
            </BuildableReference>
         </TestableReference>
         <TestableReference
            skipped = "NO">
            <BuildableReference
               BuildableIdentifier = "primary"
               BlueprintIdentifier = "SettingsTests"
               BuildableName = "SettingsTests"
               BlueprintName = "SettingsTests"
               ReferencedContainer = "container:VoiceOver Designer/Features">
            </BuildableReference>
            <SkippedTests>
               <Test
                  Identifier = "AdjustableViewControllerSnapshotTests">
               </Test>
            </SkippedTests>
         </TestableReference>
         <TestableReference
            skipped = "NO">
            <BuildableReference
               BuildableIdentifier = "primary"
               BlueprintIdentifier = "TextUITests"
               BuildableName = "TextUITests"
               BlueprintName = "TextUITests"
               ReferencedContainer = "container:VoiceOver Designer/Features">
            </BuildableReference>
         </TestableReference>
         <TestableReference
            skipped = "YES">
            <BuildableReference
               BuildableIdentifier = "primary"
               BlueprintIdentifier = "1EA7411528B2683000D6CAA4"
               BuildableName = "VoiceOverDesignerUITests.xctest"
               BlueprintName = "VoiceOverDesignerUITests"
               ReferencedContainer = "container:VoiceOver Designer.xcodeproj">
            </BuildableReference>
         </TestableReference>
      </Testables>
   </TestAction>
   <LaunchAction
      buildConfiguration = "Debug"
      selectedDebuggerIdentifier = "Xcode.DebuggerFoundation.Debugger.LLDB"
      selectedLauncherIdentifier = "Xcode.DebuggerFoundation.Launcher.LLDB"
      launchStyle = "0"
      useCustomWorkingDirectory = "NO"
      ignoresPersistentStateOnLaunch = "NO"
      debugDocumentVersioning = "YES"
      debugServiceExtension = "internal"
      allowLocationSimulation = "YES">
      <BuildableProductRunnable
         runnableDebuggingMode = "0">
         <BuildableReference
            BuildableIdentifier = "primary"
            BlueprintIdentifier = "1E1D7FEC281D5CBE00B64954"
            BuildableName = "VoiceOver Designer.app"
            BlueprintName = "VoiceOver Designer"
            ReferencedContainer = "container:VoiceOver Designer.xcodeproj">
         </BuildableReference>
      </BuildableProductRunnable>
   </LaunchAction>
   <ProfileAction
      buildConfiguration = "Release"
      shouldUseLaunchSchemeArgsEnv = "YES"
      savedToolIdentifier = ""
      useCustomWorkingDirectory = "NO"
      debugDocumentVersioning = "YES">
      <BuildableProductRunnable
         runnableDebuggingMode = "0">
         <BuildableReference
            BuildableIdentifier = "primary"
            BlueprintIdentifier = "1E1D7FEC281D5CBE00B64954"
            BuildableName = "VoiceOver Designer.app"
            BlueprintName = "VoiceOver Designer"
            ReferencedContainer = "container:VoiceOver Designer.xcodeproj">
         </BuildableReference>
      </BuildableProductRunnable>
   </ProfileAction>
   <AnalyzeAction
      buildConfiguration = "Debug">
   </AnalyzeAction>
   <ArchiveAction
      buildConfiguration = "Release"
      revealArchiveInOrganizer = "YES">
   </ArchiveAction>
</Scheme>
