{
  "object": {
    "pins": [
      {
        "package": "swift-argument-parser",
        "repositoryURL": "git@github.com:apple/swift-argument-parser.git",
        "state": {
          "branch": null,
          "revision": "46989693916f56d1186bd59ac15124caef896560",
          "version": "1.3.1"
        }
      },
      {
        "package": "swift-custom-dump",
        "repositoryURL": "git@github.com:pointfreeco/swift-custom-dump.git",
        "state": {
          "branch": null,
          "revision": "f01efb26f3a192a0e88dcdb7c3c391ec2fc25d9c",
          "version": "1.3.0"
        }
      },
      {
        "package": "swift-snapshot-testing",
        "repositoryURL": "git@github.com:pointfreeco/swift-snapshot-testing.git",
        "state": {
          "branch": null,
          "revision": "625ccca8570773dd84a34ee51a81aa2bc5a4f97a",
          "version": "1.16.0"
        }
      },
      {
        "package": "swift-syntax",
        "repositoryURL": "https://github.com/apple/swift-syntax",
        "state": {
          "branch": null,
          "revision": "fa8f95c2d536d6620cc2f504ebe8a6167c9fc2dd",
          "version": "510.0.1"
        }
      },
      {
        "package": "xctest-dynamic-overlay",
        "repositoryURL": "https://github.com/pointfreeco/xctest-dynamic-overlay",
        "state": {
          "branch": null,
          "revision": "6f30bdba373bbd7fbfe241dddd732651f2fbd1e2",
          "version": "1.1.2"
        }
      }
    ]
  },
  "version": 1
}
