// !$*UTF8*$!
{
	archiveVersion = 1;
	classes = {
	};
	objectVersion = 55;
	objects = {

/* Begin PBXBuildFile section */
		1E0338FF281E732600EE373E /* Document in Frameworks */ = {isa = PBXBuildFile; productRef = 1E0338FE281E732600EE373E /* Document */; };
		1E033903281E75E300EE373E /* A11yControls.json in Resources */ = {isa = PBXBuildFile; fileRef = 1EEB1C02281E706B00615EA9 /* A11yControls.json */; };
		1EEB1BCF281E3DA000615EA9 /* AppDelegate.swift in Sources */ = {isa = PBXBuildFile; fileRef = 1EEB1BCE281E3DA000615EA9 /* AppDelegate.swift */; };
		1EEB1BD1281E3DA000615EA9 /* SceneDelegate.swift in Sources */ = {isa = PBXBuildFile; fileRef = 1EEB1BD0281E3DA000615EA9 /* SceneDelegate.swift */; };
		1EEB1BD3281E3DA000615EA9 /* PreviewViewController.swift in Sources */ = {isa = PBXBuildFile; fileRef = 1EEB1BD2281E3DA000615EA9 /* PreviewViewController.swift */; };
		1EEB1BD6281E3DA000615EA9 /* Main.storyboard in Resources */ = {isa = PBXBuildFile; fileRef = 1EEB1BD4281E3DA000615EA9 /* Main.storyboard */; };
		1EEB1BD8281E3DA100615EA9 /* Assets.xcassets in Resources */ = {isa = PBXBuildFile; fileRef = 1EEB1BD7281E3DA100615EA9 /* Assets.xcassets */; };
		1EEB1BDB281E3DA100615EA9 /* LaunchScreen.storyboard in Resources */ = {isa = PBXBuildFile; fileRef = 1EEB1BD9281E3DA100615EA9 /* LaunchScreen.storyboard */; };
		1EEB1BF0281E3DA200615EA9 /* VoiceOver_PreviewUITests.swift in Sources */ = {isa = PBXBuildFile; fileRef = 1EEB1BEF281E3DA200615EA9 /* VoiceOver_PreviewUITests.swift */; };
		1EEB1BF2281E3DA200615EA9 /* VoiceOver_PreviewUITestsLaunchTests.swift in Sources */ = {isa = PBXBuildFile; fileRef = 1EEB1BF1281E3DA200615EA9 /* VoiceOver_PreviewUITestsLaunchTests.swift */; };
		1EEB1BFF281E3EF600615EA9 /* VoiceOver_PreviewTests.swift in Sources */ = {isa = PBXBuildFile; fileRef = 1EEB1BFE281E3EF600615EA9 /* VoiceOver_PreviewTests.swift */; };
/* End PBXBuildFile section */

/* Begin PBXContainerItemProxy section */
		1EEB1BE2281E3DA200615EA9 /* PBXContainerItemProxy */ = {
			isa = PBXContainerItemProxy;
			containerPortal = 1EEB1BC3281E3DA000615EA9 /* Project object */;
			proxyType = 1;
			remoteGlobalIDString = 1EEB1BCA281E3DA000615EA9;
			remoteInfo = "VoiceOver Preview";
		};
		1EEB1BEC281E3DA200615EA9 /* PBXContainerItemProxy */ = {
			isa = PBXContainerItemProxy;
			containerPortal = 1EEB1BC3281E3DA000615EA9 /* Project object */;
			proxyType = 1;
			remoteGlobalIDString = 1EEB1BCA281E3DA000615EA9;
			remoteInfo = "VoiceOver Preview";
		};
/* End PBXContainerItemProxy section */

/* Begin PBXFileReference section */
		1EEB1BCB281E3DA000615EA9 /* VoiceOver Preview.app */ = {isa = PBXFileReference; explicitFileType = wrapper.application; includeInIndex = 0; path = "VoiceOver Preview.app"; sourceTree = BUILT_PRODUCTS_DIR; };
		1EEB1BCE281E3DA000615EA9 /* AppDelegate.swift */ = {isa = PBXFileReference; lastKnownFileType = sourcecode.swift; path = AppDelegate.swift; sourceTree = "<group>"; };
		1EEB1BD0281E3DA000615EA9 /* SceneDelegate.swift */ = {isa = PBXFileReference; lastKnownFileType = sourcecode.swift; path = SceneDelegate.swift; sourceTree = "<group>"; };
		1EEB1BD2281E3DA000615EA9 /* PreviewViewController.swift */ = {isa = PBXFileReference; lastKnownFileType = sourcecode.swift; path = PreviewViewController.swift; sourceTree = "<group>"; };
		1EEB1BD5281E3DA000615EA9 /* Base */ = {isa = PBXFileReference; lastKnownFileType = file.storyboard; name = Base; path = Base.lproj/Main.storyboard; sourceTree = "<group>"; };
		1EEB1BD7281E3DA100615EA9 /* Assets.xcassets */ = {isa = PBXFileReference; lastKnownFileType = folder.assetcatalog; path = Assets.xcassets; sourceTree = "<group>"; };
		1EEB1BDA281E3DA100615EA9 /* Base */ = {isa = PBXFileReference; lastKnownFileType = file.storyboard; name = Base; path = Base.lproj/LaunchScreen.storyboard; sourceTree = "<group>"; };
		1EEB1BDC281E3DA100615EA9 /* Info.plist */ = {isa = PBXFileReference; lastKnownFileType = text.plist.xml; path = Info.plist; sourceTree = "<group>"; };
		1EEB1BE1281E3DA200615EA9 /* VoiceOver PreviewTests.xctest */ = {isa = PBXFileReference; explicitFileType = wrapper.cfbundle; includeInIndex = 0; path = "VoiceOver PreviewTests.xctest"; sourceTree = BUILT_PRODUCTS_DIR; };
		1EEB1BEB281E3DA200615EA9 /* VoiceOver PreviewUITests.xctest */ = {isa = PBXFileReference; explicitFileType = wrapper.cfbundle; includeInIndex = 0; path = "VoiceOver PreviewUITests.xctest"; sourceTree = BUILT_PRODUCTS_DIR; };
		1EEB1BEF281E3DA200615EA9 /* VoiceOver_PreviewUITests.swift */ = {isa = PBXFileReference; lastKnownFileType = sourcecode.swift; path = VoiceOver_PreviewUITests.swift; sourceTree = "<group>"; };
		1EEB1BF1281E3DA200615EA9 /* VoiceOver_PreviewUITestsLaunchTests.swift */ = {isa = PBXFileReference; lastKnownFileType = sourcecode.swift; path = VoiceOver_PreviewUITestsLaunchTests.swift; sourceTree = "<group>"; };
		1EEB1BFE281E3EF600615EA9 /* VoiceOver_PreviewTests.swift */ = {isa = PBXFileReference; fileEncoding = 4; lastKnownFileType = sourcecode.swift; path = VoiceOver_PreviewTests.swift; sourceTree = "<group>"; };
		1EEB1C02281E706B00615EA9 /* A11yControls.json */ = {isa = PBXFileReference; fileEncoding = 4; lastKnownFileType = text.json; path = A11yControls.json; sourceTree = "<group>"; };
		1EEB1C08281E718700615EA9 /* Document.framework */ = {isa = PBXFileReference; explicitFileType = wrapper.framework; path = Document.framework; sourceTree = BUILT_PRODUCTS_DIR; };
/* End PBXFileReference section */

/* Begin PBXFrameworksBuildPhase section */
		1EEB1BC8281E3DA000615EA9 /* Frameworks */ = {
			isa = PBXFrameworksBuildPhase;
			buildActionMask = 2147483647;
			files = (
				1E0338FF281E732600EE373E /* Document in Frameworks */,
			);
			runOnlyForDeploymentPostprocessing = 0;
		};
		1EEB1BDE281E3DA200615EA9 /* Frameworks */ = {
			isa = PBXFrameworksBuildPhase;
			buildActionMask = 2147483647;
			files = (
			);
			runOnlyForDeploymentPostprocessing = 0;
		};
		1EEB1BE8281E3DA200615EA9 /* Frameworks */ = {
			isa = PBXFrameworksBuildPhase;
			buildActionMask = 2147483647;
			files = (
			);
			runOnlyForDeploymentPostprocessing = 0;
		};
/* End PBXFrameworksBuildPhase section */

/* Begin PBXGroup section */
		1EEB1BC2281E3DA000615EA9 = {
			isa = PBXGroup;
			children = (
				1EEB1BCD281E3DA000615EA9 /* VoiceOver Preview */,
				1EEB1BE4281E3DA200615EA9 /* VoiceOver PreviewTests */,
				1EEB1BEE281E3DA200615EA9 /* VoiceOver PreviewUITests */,
				1EEB1BCC281E3DA000615EA9 /* Products */,
				1EEB1C07281E718700615EA9 /* Frameworks */,
			);
			sourceTree = "<group>";
		};
		1EEB1BCC281E3DA000615EA9 /* Products */ = {
			isa = PBXGroup;
			children = (
				1EEB1BCB281E3DA000615EA9 /* VoiceOver Preview.app */,
				1EEB1BE1281E3DA200615EA9 /* VoiceOver PreviewTests.xctest */,
				1EEB1BEB281E3DA200615EA9 /* VoiceOver PreviewUITests.xctest */,
			);
			name = Products;
			sourceTree = "<group>";
		};
		1EEB1BCD281E3DA000615EA9 /* VoiceOver Preview */ = {
			isa = PBXGroup;
			children = (
				1EEB1BCE281E3DA000615EA9 /* AppDelegate.swift */,
				1EEB1BD0281E3DA000615EA9 /* SceneDelegate.swift */,
				1EEB1BD2281E3DA000615EA9 /* PreviewViewController.swift */,
				1EEB1BD4281E3DA000615EA9 /* Main.storyboard */,
				1EEB1BD7281E3DA100615EA9 /* Assets.xcassets */,
				1EEB1C02281E706B00615EA9 /* A11yControls.json */,
				1EEB1BD9281E3DA100615EA9 /* LaunchScreen.storyboard */,
				1EEB1BDC281E3DA100615EA9 /* Info.plist */,
			);
			path = "VoiceOver Preview";
			sourceTree = "<group>";
		};
		1EEB1BE4281E3DA200615EA9 /* VoiceOver PreviewTests */ = {
			isa = PBXGroup;
			children = (
				1EEB1BFE281E3EF600615EA9 /* VoiceOver_PreviewTests.swift */,
			);
			path = "VoiceOver PreviewTests";
			sourceTree = "<group>";
		};
		1EEB1BEE281E3DA200615EA9 /* VoiceOver PreviewUITests */ = {
			isa = PBXGroup;
			children = (
				1EEB1BEF281E3DA200615EA9 /* VoiceOver_PreviewUITests.swift */,
				1EEB1BF1281E3DA200615EA9 /* VoiceOver_PreviewUITestsLaunchTests.swift */,
			);
			path = "VoiceOver PreviewUITests";
			sourceTree = "<group>";
		};
		1EEB1C07281E718700615EA9 /* Frameworks */ = {
			isa = PBXGroup;
			children = (
				1EEB1C08281E718700615EA9 /* Document.framework */,
			);
			name = Frameworks;
			sourceTree = "<group>";
		};
/* End PBXGroup section */

/* Begin PBXNativeTarget section */
		1EEB1BCA281E3DA000615EA9 /* VoiceOver Preview */ = {
			isa = PBXNativeTarget;
			buildConfigurationList = 1EEB1BF5281E3DA200615EA9 /* Build configuration list for PBXNativeTarget "VoiceOver Preview" */;
			buildPhases = (
				1EEB1BC7281E3DA000615EA9 /* Sources */,
				1EEB1BC8281E3DA000615EA9 /* Frameworks */,
				1EEB1BC9281E3DA000615EA9 /* Resources */,
			);
			buildRules = (
			);
			dependencies = (
			);
			name = "VoiceOver Preview";
			packageProductDependencies = (
				1E0338FE281E732600EE373E /* Document */,
			);
			productName = "VoiceOver Preview";
			productReference = 1EEB1BCB281E3DA000615EA9 /* VoiceOver Preview.app */;
			productType = "com.apple.product-type.application";
		};
		1EEB1BE0281E3DA200615EA9 /* VoiceOver PreviewTests */ = {
			isa = PBXNativeTarget;
			buildConfigurationList = 1EEB1BF8281E3DA200615EA9 /* Build configuration list for PBXNativeTarget "VoiceOver PreviewTests" */;
			buildPhases = (
				1EEB1BDD281E3DA200615EA9 /* Sources */,
				1EEB1BDE281E3DA200615EA9 /* Frameworks */,
				1EEB1BDF281E3DA200615EA9 /* Resources */,
			);
			buildRules = (
			);
			dependencies = (
				1EEB1BE3281E3DA200615EA9 /* PBXTargetDependency */,
			);
			name = "VoiceOver PreviewTests";
			productName = "VoiceOver PreviewTests";
			productReference = 1EEB1BE1281E3DA200615EA9 /* VoiceOver PreviewTests.xctest */;
			productType = "com.apple.product-type.bundle.unit-test";
		};
		1EEB1BEA281E3DA200615EA9 /* VoiceOver PreviewUITests */ = {
			isa = PBXNativeTarget;
			buildConfigurationList = 1EEB1BFB281E3DA200615EA9 /* Build configuration list for PBXNativeTarget "VoiceOver PreviewUITests" */;
			buildPhases = (
				1EEB1BE7281E3DA200615EA9 /* Sources */,
				1EEB1BE8281E3DA200615EA9 /* Frameworks */,
				1EEB1BE9281E3DA200615EA9 /* Resources */,
			);
			buildRules = (
			);
			dependencies = (
				1EEB1BED281E3DA200615EA9 /* PBXTargetDependency */,
			);
			name = "VoiceOver PreviewUITests";
			productName = "VoiceOver PreviewUITests";
			productReference = 1EEB1BEB281E3DA200615EA9 /* VoiceOver PreviewUITests.xctest */;
			productType = "com.apple.product-type.bundle.ui-testing";
		};
/* End PBXNativeTarget section */

/* Begin PBXProject section */
		1EEB1BC3281E3DA000615EA9 /* Project object */ = {
			isa = PBXProject;
			attributes = {
				BuildIndependentTargetsInParallel = 1;
				LastSwiftUpdateCheck = 1330;
				LastUpgradeCheck = 1330;
				TargetAttributes = {
					1EEB1BCA281E3DA000615EA9 = {
						CreatedOnToolsVersion = 13.3;
					};
					1EEB1BE0281E3DA200615EA9 = {
						CreatedOnToolsVersion = 13.3;
						LastSwiftMigration = 1330;
						TestTargetID = 1EEB1BCA281E3DA000615EA9;
					};
					1EEB1BEA281E3DA200615EA9 = {
						CreatedOnToolsVersion = 13.3;
						TestTargetID = 1EEB1BCA281E3DA000615EA9;
					};
				};
			};
			buildConfigurationList = 1EEB1BC6281E3DA000615EA9 /* Build configuration list for PBXProject "VoiceOver Preview" */;
			compatibilityVersion = "Xcode 13.0";
			developmentRegion = en;
			hasScannedForEncodings = 0;
			knownRegions = (
				en,
				Base,
			);
			mainGroup = 1EEB1BC2281E3DA000615EA9;
			productRefGroup = 1EEB1BCC281E3DA000615EA9 /* Products */;
			projectDirPath = "";
			projectRoot = "";
			targets = (
				1EEB1BCA281E3DA000615EA9 /* VoiceOver Preview */,
				1EEB1BE0281E3DA200615EA9 /* VoiceOver PreviewTests */,
				1EEB1BEA281E3DA200615EA9 /* VoiceOver PreviewUITests */,
			);
		};
/* End PBXProject section */

/* Begin PBXResourcesBuildPhase section */
		1EEB1BC9281E3DA000615EA9 /* Resources */ = {
			isa = PBXResourcesBuildPhase;
			buildActionMask = 2147483647;
			files = (
				1EEB1BDB281E3DA100615EA9 /* LaunchScreen.storyboard in Resources */,
				1E033903281E75E300EE373E /* A11yControls.json in Resources */,
				1EEB1BD8281E3DA100615EA9 /* Assets.xcassets in Resources */,
				1EEB1BD6281E3DA000615EA9 /* Main.storyboard in Resources */,
			);
			runOnlyForDeploymentPostprocessing = 0;
		};
		1EEB1BDF281E3DA200615EA9 /* Resources */ = {
			isa = PBXResourcesBuildPhase;
			buildActionMask = 2147483647;
			files = (
			);
			runOnlyForDeploymentPostprocessing = 0;
		};
		1EEB1BE9281E3DA200615EA9 /* Resources */ = {
			isa = PBXResourcesBuildPhase;
			buildActionMask = 2147483647;
			files = (
			);
			runOnlyForDeploymentPostprocessing = 0;
		};
/* End PBXResourcesBuildPhase section */

/* Begin PBXSourcesBuildPhase section */
		1EEB1BC7281E3DA000615EA9 /* Sources */ = {
			isa = PBXSourcesBuildPhase;
			buildActionMask = 2147483647;
			files = (
				1EEB1BD3281E3DA000615EA9 /* PreviewViewController.swift in Sources */,
				1EEB1BCF281E3DA000615EA9 /* AppDelegate.swift in Sources */,
				1EEB1BD1281E3DA000615EA9 /* SceneDelegate.swift in Sources */,
			);
			runOnlyForDeploymentPostprocessing = 0;
		};
		1EEB1BDD281E3DA200615EA9 /* Sources */ = {
			isa = PBXSourcesBuildPhase;
			buildActionMask = 2147483647;
			files = (
				1EEB1BFF281E3EF600615EA9 /* VoiceOver_PreviewTests.swift in Sources */,
			);
			runOnlyForDeploymentPostprocessing = 0;
		};
		1EEB1BE7281E3DA200615EA9 /* Sources */ = {
			isa = PBXSourcesBuildPhase;
			buildActionMask = 2147483647;
			files = (
				1EEB1BF2281E3DA200615EA9 /* VoiceOver_PreviewUITestsLaunchTests.swift in Sources */,
				1EEB1BF0281E3DA200615EA9 /* VoiceOver_PreviewUITests.swift in Sources */,
			);
			runOnlyForDeploymentPostprocessing = 0;
		};
/* End PBXSourcesBuildPhase section */

/* Begin PBXTargetDependency section */
		1EEB1BE3281E3DA200615EA9 /* PBXTargetDependency */ = {
			isa = PBXTargetDependency;
			target = 1EEB1BCA281E3DA000615EA9 /* VoiceOver Preview */;
			targetProxy = 1EEB1BE2281E3DA200615EA9 /* PBXContainerItemProxy */;
		};
		1EEB1BED281E3DA200615EA9 /* PBXTargetDependency */ = {
			isa = PBXTargetDependency;
			target = 1EEB1BCA281E3DA000615EA9 /* VoiceOver Preview */;
			targetProxy = 1EEB1BEC281E3DA200615EA9 /* PBXContainerItemProxy */;
		};
/* End PBXTargetDependency section */

/* Begin PBXVariantGroup section */
		1EEB1BD4281E3DA000615EA9 /* Main.storyboard */ = {
			isa = PBXVariantGroup;
			children = (
				1EEB1BD5281E3DA000615EA9 /* Base */,
			);
			name = Main.storyboard;
			sourceTree = "<group>";
		};
		1EEB1BD9281E3DA100615EA9 /* LaunchScreen.storyboard */ = {
			isa = PBXVariantGroup;
			children = (
				1EEB1BDA281E3DA100615EA9 /* Base */,
			);
			name = LaunchScreen.storyboard;
			sourceTree = "<group>";
		};
/* End PBXVariantGroup section */

/* Begin XCBuildConfiguration section */
		1EEB1BF3281E3DA200615EA9 /* Debug */ = {
			isa = XCBuildConfiguration;
			buildSettings = {
				ALWAYS_SEARCH_USER_PATHS = NO;
				CLANG_ANALYZER_NONNULL = YES;
				CLANG_ANALYZER_NUMBER_OBJECT_CONVERSION = YES_AGGRESSIVE;
				CLANG_CXX_LANGUAGE_STANDARD = "gnu++17";
				CLANG_ENABLE_MODULES = YES;
				CLANG_ENABLE_OBJC_ARC = YES;
				CLANG_ENABLE_OBJC_WEAK = YES;
				CLANG_WARN_BLOCK_CAPTURE_AUTORELEASING = YES;
				CLANG_WARN_BOOL_CONVERSION = YES;
				CLANG_WARN_COMMA = YES;
				CLANG_WARN_CONSTANT_CONVERSION = YES;
				CLANG_WARN_DEPRECATED_OBJC_IMPLEMENTATIONS = YES;
				CLANG_WARN_DIRECT_OBJC_ISA_USAGE = YES_ERROR;
				CLANG_WARN_DOCUMENTATION_COMMENTS = YES;
				CLANG_WARN_EMPTY_BODY = YES;
				CLANG_WARN_ENUM_CONVERSION = YES;
				CLANG_WARN_INFINITE_RECURSION = YES;
				CLANG_WARN_INT_CONVERSION = YES;
				CLANG_WARN_NON_LITERAL_NULL_CONVERSION = YES;
				CLANG_WARN_OBJC_IMPLICIT_RETAIN_SELF = YES;
				CLANG_WARN_OBJC_LITERAL_CONVERSION = YES;
				CLANG_WARN_OBJC_ROOT_CLASS = YES_ERROR;
				CLANG_WARN_QUOTED_INCLUDE_IN_FRAMEWORK_HEADER = YES;
				CLANG_WARN_RANGE_LOOP_ANALYSIS = YES;
				CLANG_WARN_STRICT_PROTOTYPES = YES;
				CLANG_WARN_SUSPICIOUS_MOVE = YES;
				CLANG_WARN_UNGUARDED_AVAILABILITY = YES_AGGRESSIVE;
				CLANG_WARN_UNREACHABLE_CODE = YES;
				CLANG_WARN__DUPLICATE_METHOD_MATCH = YES;
				COPY_PHASE_STRIP = NO;
				DEBUG_INFORMATION_FORMAT = dwarf;
				ENABLE_STRICT_OBJC_MSGSEND = YES;
				ENABLE_TESTABILITY = YES;
				GCC_C_LANGUAGE_STANDARD = gnu11;
				GCC_DYNAMIC_NO_PIC = NO;
				GCC_NO_COMMON_BLOCKS = YES;
				GCC_OPTIMIZATION_LEVEL = 0;
				GCC_PREPROCESSOR_DEFINITIONS = (
					"DEBUG=1",
					"$(inherited)",
				);
				GCC_WARN_64_TO_32_BIT_CONVERSION = YES;
				GCC_WARN_ABOUT_RETURN_TYPE = YES_ERROR;
				GCC_WARN_UNDECLARED_SELECTOR = YES;
				GCC_WARN_UNINITIALIZED_AUTOS = YES_AGGRESSIVE;
				GCC_WARN_UNUSED_FUNCTION = YES;
				GCC_WARN_UNUSED_VARIABLE = YES;
				IPHONEOS_DEPLOYMENT_TARGET = 15.4;
				MTL_ENABLE_DEBUG_INFO = INCLUDE_SOURCE;
				MTL_FAST_MATH = YES;
				ONLY_ACTIVE_ARCH = YES;
				SDKROOT = iphoneos;
				SWIFT_ACTIVE_COMPILATION_CONDITIONS = DEBUG;
				SWIFT_OPTIMIZATION_LEVEL = "-Onone";
			};
			name = Debug;
		};
		1EEB1BF4281E3DA200615EA9 /* Release */ = {
			isa = XCBuildConfiguration;
			buildSettings = {
				ALWAYS_SEARCH_USER_PATHS = NO;
				CLANG_ANALYZER_NONNULL = YES;
				CLANG_ANALYZER_NUMBER_OBJECT_CONVERSION = YES_AGGRESSIVE;
				CLANG_CXX_LANGUAGE_STANDARD = "gnu++17";
				CLANG_ENABLE_MODULES = YES;
				CLANG_ENABLE_OBJC_ARC = YES;
				CLANG_ENABLE_OBJC_WEAK = YES;
				CLANG_WARN_BLOCK_CAPTURE_AUTORELEASING = YES;
				CLANG_WARN_BOOL_CONVERSION = YES;
				CLANG_WARN_COMMA = YES;
				CLANG_WARN_CONSTANT_CONVERSION = YES;
				CLANG_WARN_DEPRECATED_OBJC_IMPLEMENTATIONS = YES;
				CLANG_WARN_DIRECT_OBJC_ISA_USAGE = YES_ERROR;
				CLANG_WARN_DOCUMENTATION_COMMENTS = YES;
				CLANG_WARN_EMPTY_BODY = YES;
				CLANG_WARN_ENUM_CONVERSION = YES;
				CLANG_WARN_INFINITE_RECURSION = YES;
				CLANG_WARN_INT_CONVERSION = YES;
				CLANG_WARN_NON_LITERAL_NULL_CONVERSION = YES;
				CLANG_WARN_OBJC_IMPLICIT_RETAIN_SELF = YES;
				CLANG_WARN_OBJC_LITERAL_CONVERSION = YES;
				CLANG_WARN_OBJC_ROOT_CLASS = YES_ERROR;
				CLANG_WARN_QUOTED_INCLUDE_IN_FRAMEWORK_HEADER = YES;
				CLANG_WARN_RANGE_LOOP_ANALYSIS = YES;
				CLANG_WARN_STRICT_PROTOTYPES = YES;
				CLANG_WARN_SUSPICIOUS_MOVE = YES;
				CLANG_WARN_UNGUARDED_AVAILABILITY = YES_AGGRESSIVE;
				CLANG_WARN_UNREACHABLE_CODE = YES;
				CLANG_WARN__DUPLICATE_METHOD_MATCH = YES;
				COPY_PHASE_STRIP = NO;
				DEBUG_INFORMATION_FORMAT = "dwarf-with-dsym";
				ENABLE_NS_ASSERTIONS = NO;
				ENABLE_STRICT_OBJC_MSGSEND = YES;
				GCC_C_LANGUAGE_STANDARD = gnu11;
				GCC_NO_COMMON_BLOCKS = YES;
				GCC_WARN_64_TO_32_BIT_CONVERSION = YES;
				GCC_WARN_ABOUT_RETURN_TYPE = YES_ERROR;
				GCC_WARN_UNDECLARED_SELECTOR = YES;
				GCC_WARN_UNINITIALIZED_AUTOS = YES_AGGRESSIVE;
				GCC_WARN_UNUSED_FUNCTION = YES;
				GCC_WARN_UNUSED_VARIABLE = YES;
				IPHONEOS_DEPLOYMENT_TARGET = 15.4;
				MTL_ENABLE_DEBUG_INFO = NO;
				MTL_FAST_MATH = YES;
				SDKROOT = iphoneos;
				SWIFT_COMPILATION_MODE = wholemodule;
				SWIFT_OPTIMIZATION_LEVEL = "-O";
				VALIDATE_PRODUCT = YES;
			};
			name = Release;
		};
		1EEB1BF6281E3DA200615EA9 /* Debug */ = {
			isa = XCBuildConfiguration;
			buildSettings = {
				ASSETCATALOG_COMPILER_APPICON_NAME = AppIcon;
				ASSETCATALOG_COMPILER_GLOBAL_ACCENT_COLOR_NAME = AccentColor;
				CODE_SIGN_STYLE = Automatic;
				CURRENT_PROJECT_VERSION = 1;
				DEVELOPMENT_TEAM = P67Q4Q7HA9;
				GENERATE_INFOPLIST_FILE = YES;
				INFOPLIST_FILE = "VoiceOver Preview/Info.plist";
				INFOPLIST_KEY_UIApplicationSupportsIndirectInputEvents = YES;
				INFOPLIST_KEY_UILaunchStoryboardName = LaunchScreen;
				INFOPLIST_KEY_UIMainStoryboardFile = Main;
				INFOPLIST_KEY_UISupportedInterfaceOrientations_iPad = "UIInterfaceOrientationPortrait UIInterfaceOrientationPortraitUpsideDown UIInterfaceOrientationLandscapeLeft UIInterfaceOrientationLandscapeRight";
				INFOPLIST_KEY_UISupportedInterfaceOrientations_iPhone = "UIInterfaceOrientationPortrait UIInterfaceOrientationLandscapeLeft UIInterfaceOrientationLandscapeRight";
				LD_RUNPATH_SEARCH_PATHS = (
					"$(inherited)",
					"@executable_path/Frameworks",
				);
				MARKETING_VERSION = 1.0;
				PRODUCT_BUNDLE_IDENTIFIER = "com.akaDuality.VoiceOver-Preview";
				PRODUCT_NAME = "$(TARGET_NAME)";
				SWIFT_EMIT_LOC_STRINGS = YES;
				SWIFT_VERSION = 5.0;
				TARGETED_DEVICE_FAMILY = "1,2";
			};
			name = Debug;
		};
		1EEB1BF7281E3DA200615EA9 /* Release */ = {
			isa = XCBuildConfiguration;
			buildSettings = {
				ASSETCATALOG_COMPILER_APPICON_NAME = AppIcon;
				ASSETCATALOG_COMPILER_GLOBAL_ACCENT_COLOR_NAME = AccentColor;
				CODE_SIGN_STYLE = Automatic;
				CURRENT_PROJECT_VERSION = 1;
				DEVELOPMENT_TEAM = P67Q4Q7HA9;
				GENERATE_INFOPLIST_FILE = YES;
				INFOPLIST_FILE = "VoiceOver Preview/Info.plist";
				INFOPLIST_KEY_UIApplicationSupportsIndirectInputEvents = YES;
				INFOPLIST_KEY_UILaunchStoryboardName = LaunchScreen;
				INFOPLIST_KEY_UIMainStoryboardFile = Main;
				INFOPLIST_KEY_UISupportedInterfaceOrientations_iPad = "UIInterfaceOrientationPortrait UIInterfaceOrientationPortraitUpsideDown UIInterfaceOrientationLandscapeLeft UIInterfaceOrientationLandscapeRight";
				INFOPLIST_KEY_UISupportedInterfaceOrientations_iPhone = "UIInterfaceOrientationPortrait UIInterfaceOrientationLandscapeLeft UIInterfaceOrientationLandscapeRight";
				LD_RUNPATH_SEARCH_PATHS = (
					"$(inherited)",
					"@executable_path/Frameworks",
				);
				MARKETING_VERSION = 1.0;
				PRODUCT_BUNDLE_IDENTIFIER = "com.akaDuality.VoiceOver-Preview";
				PRODUCT_NAME = "$(TARGET_NAME)";
				SWIFT_EMIT_LOC_STRINGS = YES;
				SWIFT_VERSION = 5.0;
				TARGETED_DEVICE_FAMILY = "1,2";
			};
			name = Release;
		};
		1EEB1BF9281E3DA200615EA9 /* Debug */ = {
			isa = XCBuildConfiguration;
			buildSettings = {
				ALWAYS_EMBED_SWIFT_STANDARD_LIBRARIES = YES;
				BUNDLE_LOADER = "$(TEST_HOST)";
				CLANG_ENABLE_MODULES = YES;
				CODE_SIGN_STYLE = Automatic;
				CURRENT_PROJECT_VERSION = 1;
				DEVELOPMENT_TEAM = P67Q4Q7HA9;
				GENERATE_INFOPLIST_FILE = YES;
				IPHONEOS_DEPLOYMENT_TARGET = 15.4;
				LD_RUNPATH_SEARCH_PATHS = (
					"$(inherited)",
					"@executable_path/Frameworks",
					"@loader_path/Frameworks",
				);
				MARKETING_VERSION = 1.0;
				PRODUCT_BUNDLE_IDENTIFIER = "com.akaDuality.VoiceOver-PreviewTests";
				PRODUCT_NAME = "$(TARGET_NAME)";
				SWIFT_EMIT_LOC_STRINGS = NO;
				SWIFT_OPTIMIZATION_LEVEL = "-Onone";
				SWIFT_VERSION = 5.0;
				TARGETED_DEVICE_FAMILY = "1,2";
				TEST_HOST = "$(BUILT_PRODUCTS_DIR)/VoiceOver Preview.app/VoiceOver Preview";
			};
			name = Debug;
		};
		1EEB1BFA281E3DA200615EA9 /* Release */ = {
			isa = XCBuildConfiguration;
			buildSettings = {
				ALWAYS_EMBED_SWIFT_STANDARD_LIBRARIES = YES;
				BUNDLE_LOADER = "$(TEST_HOST)";
				CLANG_ENABLE_MODULES = YES;
				CODE_SIGN_STYLE = Automatic;
				CURRENT_PROJECT_VERSION = 1;
				DEVELOPMENT_TEAM = P67Q4Q7HA9;
				GENERATE_INFOPLIST_FILE = YES;
				IPHONEOS_DEPLOYMENT_TARGET = 15.4;
				LD_RUNPATH_SEARCH_PATHS = (
					"$(inherited)",
					"@executable_path/Frameworks",
					"@loader_path/Frameworks",
				);
				MARKETING_VERSION = 1.0;
				PRODUCT_BUNDLE_IDENTIFIER = "com.akaDuality.VoiceOver-PreviewTests";
				PRODUCT_NAME = "$(TARGET_NAME)";
				SWIFT_EMIT_LOC_STRINGS = NO;
				SWIFT_VERSION = 5.0;
				TARGETED_DEVICE_FAMILY = "1,2";
				TEST_HOST = "$(BUILT_PRODUCTS_DIR)/VoiceOver Preview.app/VoiceOver Preview";
			};
			name = Release;
		};
		1EEB1BFC281E3DA200615EA9 /* Debug */ = {
			isa = XCBuildConfiguration;
			buildSettings = {
				ALWAYS_EMBED_SWIFT_STANDARD_LIBRARIES = YES;
				CODE_SIGN_STYLE = Automatic;
				CURRENT_PROJECT_VERSION = 1;
				DEVELOPMENT_TEAM = P67Q4Q7HA9;
				GENERATE_INFOPLIST_FILE = YES;
				MARKETING_VERSION = 1.0;
				PRODUCT_BUNDLE_IDENTIFIER = "com.akaDuality.VoiceOver-PreviewUITests";
				PRODUCT_NAME = "$(TARGET_NAME)";
				SWIFT_EMIT_LOC_STRINGS = NO;
				SWIFT_VERSION = 5.0;
				TARGETED_DEVICE_FAMILY = "1,2";
				TEST_TARGET_NAME = "VoiceOver Preview";
			};
			name = Debug;
		};
		1EEB1BFD281E3DA200615EA9 /* Release */ = {
			isa = XCBuildConfiguration;
			buildSettings = {
				ALWAYS_EMBED_SWIFT_STANDARD_LIBRARIES = YES;
				CODE_SIGN_STYLE = Automatic;
				CURRENT_PROJECT_VERSION = 1;
				DEVELOPMENT_TEAM = P67Q4Q7HA9;
				GENERATE_INFOPLIST_FILE = YES;
				MARKETING_VERSION = 1.0;
				PRODUCT_BUNDLE_IDENTIFIER = "com.akaDuality.VoiceOver-PreviewUITests";
				PRODUCT_NAME = "$(TARGET_NAME)";
				SWIFT_EMIT_LOC_STRINGS = NO;
				SWIFT_VERSION = 5.0;
				TARGETED_DEVICE_FAMILY = "1,2";
				TEST_TARGET_NAME = "VoiceOver Preview";
			};
			name = Release;
		};
/* End XCBuildConfiguration section */

/* Begin XCConfigurationList section */
		1EEB1BC6281E3DA000615EA9 /* Build configuration list for PBXProject "VoiceOver Preview" */ = {
			isa = XCConfigurationList;
			buildConfigurations = (
				1EEB1BF3281E3DA200615EA9 /* Debug */,
				1EEB1BF4281E3DA200615EA9 /* Release */,
			);
			defaultConfigurationIsVisible = 0;
			defaultConfigurationName = Release;
		};
		1EEB1BF5281E3DA200615EA9 /* Build configuration list for PBXNativeTarget "VoiceOver Preview" */ = {
			isa = XCConfigurationList;
			buildConfigurations = (
				1EEB1BF6281E3DA200615EA9 /* Debug */,
				1EEB1BF7281E3DA200615EA9 /* Release */,
			);
			defaultConfigurationIsVisible = 0;
			defaultConfigurationName = Release;
		};
		1EEB1BF8281E3DA200615EA9 /* Build configuration list for PBXNativeTarget "VoiceOver PreviewTests" */ = {
			isa = XCConfigurationList;
			buildConfigurations = (
				1EEB1BF9281E3DA200615EA9 /* Debug */,
				1EEB1BFA281E3DA200615EA9 /* Release */,
			);
			defaultConfigurationIsVisible = 0;
			defaultConfigurationName = Release;
		};
		1EEB1BFB281E3DA200615EA9 /* Build configuration list for PBXNativeTarget "VoiceOver PreviewUITests" */ = {
			isa = XCConfigurationList;
			buildConfigurations = (
				1EEB1BFC281E3DA200615EA9 /* Debug */,
				1EEB1BFD281E3DA200615EA9 /* Release */,
			);
			defaultConfigurationIsVisible = 0;
			defaultConfigurationName = Release;
		};
/* End XCConfigurationList section */

/* Begin XCSwiftPackageProductDependency section */
		1E0338FE281E732600EE373E /* Document */ = {
			isa = XCSwiftPackageProductDependency;
			productName = Document;
		};
/* End XCSwiftPackageProductDependency section */
	};
	rootObject = 1EEB1BC3281E3DA000615EA9 /* Project object */;
}
