// !$*UTF8*$!
{
	archiveVersion = 1;
	classes = {
	};
	objectVersion = 55;
	objects = {

/* Begin PBXBuildFile section */
		1E3DB0E2289581410035F229 /* QuickLook.framework in Frameworks */ = {isa = PBXBuildFile; fileRef = 1E3DB0E1289581410035F229 /* QuickLook.framework */; };
		1E3DB0EA289581410035F229 /* MainInterface.storyboard in Resources */ = {isa = PBXBuildFile; fileRef = 1E3DB0E8289581410035F229 /* MainInterface.storyboard */; };
		1E3DB0EE289581410035F229 /* QuickLookPreview.appex in Embed App Extensions */ = {isa = PBXBuildFile; fileRef = 1E3DB0E0289581410035F229 /* QuickLookPreview.appex */; settings = {ATTRIBUTES = (RemoveHeadersOnCopy, ); }; };
		1E5DAF4F2927E86900AA37D1 /* Document in Frameworks */ = {isa = PBXBuildFile; productRef = 1E5DAF4E2927E86900AA37D1 /* Document */; };
		1E7555A6289586B100024714 /* SceneDelegate.swift in Sources */ = {isa = PBXBuildFile; fileRef = 1EEB1BD0281E3DA000615EA9 /* SceneDelegate.swift */; };
		1E7555A92895881B00024714 /* QuickPreviewViewController.swift in Sources */ = {isa = PBXBuildFile; fileRef = 1E3DB0E4289581410035F229 /* QuickPreviewViewController.swift */; };
		1E7555B0289589F300024714 /* QuickLookThumbnailing.framework in Frameworks */ = {isa = PBXBuildFile; fileRef = 1E7555AF289589F300024714 /* QuickLookThumbnailing.framework */; };
		1E7555B3289589F300024714 /* ThumbnailProvider.swift in Sources */ = {isa = PBXBuildFile; fileRef = 1E7555B2289589F300024714 /* ThumbnailProvider.swift */; };
		1E7555B7289589F300024714 /* Thumbnail.appex in Embed App Extensions */ = {isa = PBXBuildFile; fileRef = 1E7555AE289589F300024714 /* Thumbnail.appex */; settings = {ATTRIBUTES = (RemoveHeadersOnCopy, ); }; };
		1EB978F5289F0D2200CE330C /* DesignPreview in Frameworks */ = {isa = PBXBuildFile; productRef = 1EB978F4289F0D2200CE330C /* DesignPreview */; };
		1EB978F7289F0D3B00CE330C /* DesignPreview in Frameworks */ = {isa = PBXBuildFile; productRef = 1EB978F6289F0D3B00CE330C /* DesignPreview */; };
		1EB978FB289F0E9700CE330C /* Document in Frameworks */ = {isa = PBXBuildFile; productRef = 1EB978FA289F0E9700CE330C /* Document */; };
		1EEB1BCF281E3DA000615EA9 /* AppDelegate.swift in Sources */ = {isa = PBXBuildFile; fileRef = 1EEB1BCE281E3DA000615EA9 /* AppDelegate.swift */; };
		1EEB1BD8281E3DA100615EA9 /* Assets.xcassets in Resources */ = {isa = PBXBuildFile; fileRef = 1EEB1BD7281E3DA100615EA9 /* Assets.xcassets */; };
		1EEB1BDB281E3DA100615EA9 /* LaunchScreen.storyboard in Resources */ = {isa = PBXBuildFile; fileRef = 1EEB1BD9281E3DA100615EA9 /* LaunchScreen.storyboard */; };
		1EEB1BF0281E3DA200615EA9 /* VoiceOver_PreviewUITests.swift in Sources */ = {isa = PBXBuildFile; fileRef = 1EEB1BEF281E3DA200615EA9 /* VoiceOver_PreviewUITests.swift */; };
		1EEB1BF2281E3DA200615EA9 /* VoiceOver_PreviewUITestsLaunchTests.swift in Sources */ = {isa = PBXBuildFile; fileRef = 1EEB1BF1281E3DA200615EA9 /* VoiceOver_PreviewUITestsLaunchTests.swift */; };
		1EEB1BFF281E3EF600615EA9 /* VoiceOver_PreviewTests.swift in Sources */ = {isa = PBXBuildFile; fileRef = 1EEB1BFE281E3EF600615EA9 /* VoiceOver_PreviewTests.swift */; };
/* End PBXBuildFile section */

/* Begin PBXContainerItemProxy section */
		1E3DB0EC289581410035F229 /* PBXContainerItemProxy */ = {
			isa = PBXContainerItemProxy;
			containerPortal = 1EEB1BC3281E3DA000615EA9 /* Project object */;
			proxyType = 1;
			remoteGlobalIDString = 1E3DB0DF289581410035F229;
			remoteInfo = QuickLook;
		};
		1E7555B5289589F300024714 /* PBXContainerItemProxy */ = {
			isa = PBXContainerItemProxy;
			containerPortal = 1EEB1BC3281E3DA000615EA9 /* Project object */;
			proxyType = 1;
			remoteGlobalIDString = 1E7555AD289589F300024714;
			remoteInfo = Thumbnali;
		};
		1EEB1BE2281E3DA200615EA9 /* PBXContainerItemProxy */ = {
			isa = PBXContainerItemProxy;
			containerPortal = 1EEB1BC3281E3DA000615EA9 /* Project object */;
			proxyType = 1;
			remoteGlobalIDString = 1EEB1BCA281E3DA000615EA9;
			remoteInfo = "VoiceOver Preview";
		};
		1EEB1BEC281E3DA200615EA9 /* PBXContainerItemProxy */ = {
			isa = PBXContainerItemProxy;
			containerPortal = 1EEB1BC3281E3DA000615EA9 /* Project object */;
			proxyType = 1;
			remoteGlobalIDString = 1EEB1BCA281E3DA000615EA9;
			remoteInfo = "VoiceOver Preview";
		};
/* End PBXContainerItemProxy section */

/* Begin PBXCopyFilesBuildPhase section */
		1E3DB0EF289581410035F229 /* Embed App Extensions */ = {
			isa = PBXCopyFilesBuildPhase;
			buildActionMask = 2147483647;
			dstPath = "";
			dstSubfolderSpec = 13;
			files = (
				1E3DB0EE289581410035F229 /* QuickLookPreview.appex in Embed App Extensions */,
				1E7555B7289589F300024714 /* Thumbnail.appex in Embed App Extensions */,
			);
			name = "Embed App Extensions";
			runOnlyForDeploymentPostprocessing = 0;
		};
/* End PBXCopyFilesBuildPhase section */

/* Begin PBXFileReference section */
		1E033904281EB0A900EE373E /* VoiceOver Preview.entitlements */ = {isa = PBXFileReference; lastKnownFileType = text.plist.entitlements; path = "VoiceOver Preview.entitlements"; sourceTree = "<group>"; };
		1E3DB0E0289581410035F229 /* QuickLookPreview.appex */ = {isa = PBXFileReference; explicitFileType = "wrapper.app-extension"; includeInIndex = 0; path = QuickLookPreview.appex; sourceTree = BUILT_PRODUCTS_DIR; };
		1E3DB0E1289581410035F229 /* QuickLook.framework */ = {isa = PBXFileReference; lastKnownFileType = wrapper.framework; name = QuickLook.framework; path = System/Library/Frameworks/QuickLook.framework; sourceTree = SDKROOT; };
		1E3DB0E4289581410035F229 /* QuickPreviewViewController.swift */ = {isa = PBXFileReference; lastKnownFileType = sourcecode.swift; path = QuickPreviewViewController.swift; sourceTree = "<group>"; };
		1E3DB0E9289581410035F229 /* Base */ = {isa = PBXFileReference; lastKnownFileType = file.storyboard; name = Base; path = Base.lproj/MainInterface.storyboard; sourceTree = "<group>"; };
		1E3DB0EB289581410035F229 /* Info.plist */ = {isa = PBXFileReference; lastKnownFileType = text.plist.xml; path = Info.plist; sourceTree = "<group>"; };
		1E7555AE289589F300024714 /* Thumbnail.appex */ = {isa = PBXFileReference; explicitFileType = "wrapper.app-extension"; includeInIndex = 0; path = Thumbnail.appex; sourceTree = BUILT_PRODUCTS_DIR; };
		1E7555AF289589F300024714 /* QuickLookThumbnailing.framework */ = {isa = PBXFileReference; lastKnownFileType = wrapper.framework; name = QuickLookThumbnailing.framework; path = System/Library/Frameworks/QuickLookThumbnailing.framework; sourceTree = SDKROOT; };
		1E7555B2289589F300024714 /* ThumbnailProvider.swift */ = {isa = PBXFileReference; lastKnownFileType = sourcecode.swift; path = ThumbnailProvider.swift; sourceTree = "<group>"; };
		1E7555B4289589F300024714 /* Info.plist */ = {isa = PBXFileReference; lastKnownFileType = text.plist.xml; path = Info.plist; sourceTree = "<group>"; };
		1EEB1BCB281E3DA000615EA9 /* VoiceOver Preview.app */ = {isa = PBXFileReference; explicitFileType = wrapper.application; includeInIndex = 0; path = "VoiceOver Preview.app"; sourceTree = BUILT_PRODUCTS_DIR; };
		1EEB1BCE281E3DA000615EA9 /* AppDelegate.swift */ = {isa = PBXFileReference; lastKnownFileType = sourcecode.swift; path = AppDelegate.swift; sourceTree = "<group>"; };
		1EEB1BD0281E3DA000615EA9 /* SceneDelegate.swift */ = {isa = PBXFileReference; lastKnownFileType = sourcecode.swift; path = SceneDelegate.swift; sourceTree = "<group>"; };
		1EEB1BD7281E3DA100615EA9 /* Assets.xcassets */ = {isa = PBXFileReference; lastKnownFileType = folder.assetcatalog; path = Assets.xcassets; sourceTree = "<group>"; };
		1EEB1BDA281E3DA100615EA9 /* Base */ = {isa = PBXFileReference; lastKnownFileType = file.storyboard; name = Base; path = Base.lproj/LaunchScreen.storyboard; sourceTree = "<group>"; };
		1EEB1BDC281E3DA100615EA9 /* Info.plist */ = {isa = PBXFileReference; lastKnownFileType = text.plist.xml; path = Info.plist; sourceTree = "<group>"; };
		1EEB1BE1281E3DA200615EA9 /* VoiceOver PreviewTests.xctest */ = {isa = PBXFileReference; explicitFileType = wrapper.cfbundle; includeInIndex = 0; path = "VoiceOver PreviewTests.xctest"; sourceTree = BUILT_PRODUCTS_DIR; };
		1EEB1BEB281E3DA200615EA9 /* VoiceOver PreviewUITests.xctest */ = {isa = PBXFileReference; explicitFileType = wrapper.cfbundle; includeInIndex = 0; path = "VoiceOver PreviewUITests.xctest"; sourceTree = BUILT_PRODUCTS_DIR; };
		1EEB1BEF281E3DA200615EA9 /* VoiceOver_PreviewUITests.swift */ = {isa = PBXFileReference; lastKnownFileType = sourcecode.swift; path = VoiceOver_PreviewUITests.swift; sourceTree = "<group>"; };
		1EEB1BF1281E3DA200615EA9 /* VoiceOver_PreviewUITestsLaunchTests.swift */ = {isa = PBXFileReference; lastKnownFileType = sourcecode.swift; path = VoiceOver_PreviewUITestsLaunchTests.swift; sourceTree = "<group>"; };
		1EEB1BFE281E3EF600615EA9 /* VoiceOver_PreviewTests.swift */ = {isa = PBXFileReference; fileEncoding = 4; lastKnownFileType = sourcecode.swift; path = VoiceOver_PreviewTests.swift; sourceTree = "<group>"; };
		1EEB1C08281E718700615EA9 /* Document.framework */ = {isa = PBXFileReference; explicitFileType = wrapper.framework; path = Document.framework; sourceTree = BUILT_PRODUCTS_DIR; };
		6B0854D129A29CC7000CDC5D /* ru */ = {isa = PBXFileReference; lastKnownFileType = text.plist.strings; name = ru; path = ru.lproj/LaunchScreen.strings; sourceTree = "<group>"; };
		6B0854D229A29CC7000CDC5D /* ru */ = {isa = PBXFileReference; lastKnownFileType = text.plist.strings; name = ru; path = ru.lproj/MainInterface.strings; sourceTree = "<group>"; };
		6BABB3542889BC5400FF259E /* CloudKit.framework */ = {isa = PBXFileReference; lastKnownFileType = wrapper.framework; name = CloudKit.framework; path = System/Library/Frameworks/CloudKit.framework; sourceTree = SDKROOT; };
/* End PBXFileReference section */

/* Begin PBXFrameworksBuildPhase section */
		1E3DB0DD289581410035F229 /* Frameworks */ = {
			isa = PBXFrameworksBuildPhase;
			buildActionMask = 2147483647;
			files = (
				1E3DB0E2289581410035F229 /* QuickLook.framework in Frameworks */,
				1EB978FB289F0E9700CE330C /* Document in Frameworks */,
				1EB978F7289F0D3B00CE330C /* DesignPreview in Frameworks */,
			);
			runOnlyForDeploymentPostprocessing = 0;
		};
		1E7555AB289589F300024714 /* Frameworks */ = {
			isa = PBXFrameworksBuildPhase;
			buildActionMask = 2147483647;
			files = (
				1E7555B0289589F300024714 /* QuickLookThumbnailing.framework in Frameworks */,
				1E5DAF4F2927E86900AA37D1 /* Document in Frameworks */,
			);
			runOnlyForDeploymentPostprocessing = 0;
		};
		1EEB1BC8281E3DA000615EA9 /* Frameworks */ = {
			isa = PBXFrameworksBuildPhase;
			buildActionMask = 2147483647;
			files = (
				1EB978F5289F0D2200CE330C /* DesignPreview in Frameworks */,
			);
			runOnlyForDeploymentPostprocessing = 0;
		};
		1EEB1BDE281E3DA200615EA9 /* Frameworks */ = {
			isa = PBXFrameworksBuildPhase;
			buildActionMask = 2147483647;
			files = (
			);
			runOnlyForDeploymentPostprocessing = 0;
		};
		1EEB1BE8281E3DA200615EA9 /* Frameworks */ = {
			isa = PBXFrameworksBuildPhase;
			buildActionMask = 2147483647;
			files = (
			);
			runOnlyForDeploymentPostprocessing = 0;
		};
/* End PBXFrameworksBuildPhase section */

/* Begin PBXGroup section */
		1E3DB0E3289581410035F229 /* QuickLookPreview */ = {
			isa = PBXGroup;
			children = (
				1E3DB0E4289581410035F229 /* QuickPreviewViewController.swift */,
				1E3DB0E8289581410035F229 /* MainInterface.storyboard */,
				1E3DB0EB289581410035F229 /* Info.plist */,
			);
			path = QuickLookPreview;
			sourceTree = "<group>";
		};
		1E7555B1289589F300024714 /* Thumbnail */ = {
			isa = PBXGroup;
			children = (
				1E7555B2289589F300024714 /* ThumbnailProvider.swift */,
				1E7555B4289589F300024714 /* Info.plist */,
			);
			path = Thumbnail;
			sourceTree = "<group>";
		};
		1EEB1BC2281E3DA000615EA9 = {
			isa = PBXGroup;
			children = (
				1EEB1BCD281E3DA000615EA9 /* VoiceOver Preview */,
				1EEB1BE4281E3DA200615EA9 /* VoiceOver PreviewTests */,
				1EEB1BEE281E3DA200615EA9 /* VoiceOver PreviewUITests */,
				1E3DB0E3289581410035F229 /* QuickLookPreview */,
				1E7555B1289589F300024714 /* Thumbnail */,
				1EEB1BCC281E3DA000615EA9 /* Products */,
				1EEB1C07281E718700615EA9 /* Frameworks */,
			);
			sourceTree = "<group>";
		};
		1EEB1BCC281E3DA000615EA9 /* Products */ = {
			isa = PBXGroup;
			children = (
				1EEB1BCB281E3DA000615EA9 /* VoiceOver Preview.app */,
				1EEB1BE1281E3DA200615EA9 /* VoiceOver PreviewTests.xctest */,
				1EEB1BEB281E3DA200615EA9 /* VoiceOver PreviewUITests.xctest */,
				1E3DB0E0289581410035F229 /* QuickLookPreview.appex */,
				1E7555AE289589F300024714 /* Thumbnail.appex */,
			);
			name = Products;
			sourceTree = "<group>";
		};
		1EEB1BCD281E3DA000615EA9 /* VoiceOver Preview */ = {
			isa = PBXGroup;
			children = (
				1E033904281EB0A900EE373E /* VoiceOver Preview.entitlements */,
				1EEB1BCE281E3DA000615EA9 /* AppDelegate.swift */,
				1EEB1BD0281E3DA000615EA9 /* SceneDelegate.swift */,
				1EEB1BD7281E3DA100615EA9 /* Assets.xcassets */,
				1EEB1BD9281E3DA100615EA9 /* LaunchScreen.storyboard */,
				1EEB1BDC281E3DA100615EA9 /* Info.plist */,
			);
			path = "VoiceOver Preview";
			sourceTree = "<group>";
		};
		1EEB1BE4281E3DA200615EA9 /* VoiceOver PreviewTests */ = {
			isa = PBXGroup;
			children = (
				1EEB1BFE281E3EF600615EA9 /* VoiceOver_PreviewTests.swift */,
			);
			path = "VoiceOver PreviewTests";
			sourceTree = "<group>";
		};
		1EEB1BEE281E3DA200615EA9 /* VoiceOver PreviewUITests */ = {
			isa = PBXGroup;
			children = (
				1EEB1BEF281E3DA200615EA9 /* VoiceOver_PreviewUITests.swift */,
				1EEB1BF1281E3DA200615EA9 /* VoiceOver_PreviewUITestsLaunchTests.swift */,
			);
			path = "VoiceOver PreviewUITests";
			sourceTree = "<group>";
		};
		1EEB1C07281E718700615EA9 /* Frameworks */ = {
			isa = PBXGroup;
			children = (
				6BABB3542889BC5400FF259E /* CloudKit.framework */,
				1EEB1C08281E718700615EA9 /* Document.framework */,
				1E3DB0E1289581410035F229 /* QuickLook.framework */,
				1E7555AF289589F300024714 /* QuickLookThumbnailing.framework */,
			);
			name = Frameworks;
			sourceTree = "<group>";
		};
/* End PBXGroup section */

/* Begin PBXNativeTarget section */
		1E3DB0DF289581410035F229 /* QuickLookPreview */ = {
			isa = PBXNativeTarget;
			buildConfigurationList = 1E3DB0F2289581410035F229 /* Build configuration list for PBXNativeTarget "QuickLookPreview" */;
			buildPhases = (
				1E3DB0DC289581410035F229 /* Sources */,
				1E3DB0DD289581410035F229 /* Frameworks */,
				1E3DB0DE289581410035F229 /* Resources */,
			);
			buildRules = (
			);
			dependencies = (
			);
			name = QuickLookPreview;
			packageProductDependencies = (
				1EB978F6289F0D3B00CE330C /* DesignPreview */,
				1EB978FA289F0E9700CE330C /* Document */,
			);
			productName = QuickLook;
			productReference = 1E3DB0E0289581410035F229 /* QuickLookPreview.appex */;
			productType = "com.apple.product-type.app-extension";
		};
		1E7555AD289589F300024714 /* Thumbnail */ = {
			isa = PBXNativeTarget;
			buildConfigurationList = 1E7555B8289589F300024714 /* Build configuration list for PBXNativeTarget "Thumbnail" */;
			buildPhases = (
				1E7555AA289589F300024714 /* Sources */,
				1E7555AB289589F300024714 /* Frameworks */,
				1E7555AC289589F300024714 /* Resources */,
			);
			buildRules = (
			);
			dependencies = (
			);
			name = Thumbnail;
			packageProductDependencies = (
				1E5DAF4E2927E86900AA37D1 /* Document */,
			);
			productName = Thumbnali;
			productReference = 1E7555AE289589F300024714 /* Thumbnail.appex */;
			productType = "com.apple.product-type.app-extension";
		};
		1EEB1BCA281E3DA000615EA9 /* VoiceOver Preview */ = {
			isa = PBXNativeTarget;
			buildConfigurationList = 1EEB1BF5281E3DA200615EA9 /* Build configuration list for PBXNativeTarget "VoiceOver Preview" */;
			buildPhases = (
				1EEB1BC7281E3DA000615EA9 /* Sources */,
				1EEB1BC8281E3DA000615EA9 /* Frameworks */,
				1EEB1BC9281E3DA000615EA9 /* Resources */,
				1E3DB0EF289581410035F229 /* Embed App Extensions */,
			);
			buildRules = (
			);
			dependencies = (
				1E3DB0ED289581410035F229 /* PBXTargetDependency */,
				1E7555B6289589F300024714 /* PBXTargetDependency */,
			);
			name = "VoiceOver Preview";
			packageProductDependencies = (
				1EB978F4289F0D2200CE330C /* DesignPreview */,
			);
			productName = "VoiceOver Preview";
			productReference = 1EEB1BCB281E3DA000615EA9 /* VoiceOver Preview.app */;
			productType = "com.apple.product-type.application";
		};
		1EEB1BE0281E3DA200615EA9 /* VoiceOver PreviewTests */ = {
			isa = PBXNativeTarget;
			buildConfigurationList = 1EEB1BF8281E3DA200615EA9 /* Build configuration list for PBXNativeTarget "VoiceOver PreviewTests" */;
			buildPhases = (
				1EEB1BDD281E3DA200615EA9 /* Sources */,
				1EEB1BDE281E3DA200615EA9 /* Frameworks */,
				1EEB1BDF281E3DA200615EA9 /* Resources */,
			);
			buildRules = (
			);
			dependencies = (
				1EEB1BE3281E3DA200615EA9 /* PBXTargetDependency */,
			);
			name = "VoiceOver PreviewTests";
			productName = "VoiceOver PreviewTests";
			productReference = 1EEB1BE1281E3DA200615EA9 /* VoiceOver PreviewTests.xctest */;
			productType = "com.apple.product-type.bundle.unit-test";
		};
		1EEB1BEA281E3DA200615EA9 /* VoiceOver PreviewUITests */ = {
			isa = PBXNativeTarget;
			buildConfigurationList = 1EEB1BFB281E3DA200615EA9 /* Build configuration list for PBXNativeTarget "VoiceOver PreviewUITests" */;
			buildPhases = (
				1EEB1BE7281E3DA200615EA9 /* Sources */,
				1EEB1BE8281E3DA200615EA9 /* Frameworks */,
				1EEB1BE9281E3DA200615EA9 /* Resources */,
			);
			buildRules = (
			);
			dependencies = (
				1EEB1BED281E3DA200615EA9 /* PBXTargetDependency */,
			);
			name = "VoiceOver PreviewUITests";
			productName = "VoiceOver PreviewUITests";
			productReference = 1EEB1BEB281E3DA200615EA9 /* VoiceOver PreviewUITests.xctest */;
			productType = "com.apple.product-type.bundle.ui-testing";
		};
/* End PBXNativeTarget section */

/* Begin PBXProject section */
		1EEB1BC3281E3DA000615EA9 /* Project object */ = {
			isa = PBXProject;
			attributes = {
				BuildIndependentTargetsInParallel = 1;
				LastSwiftUpdateCheck = 1340;
				LastUpgradeCheck = 1330;
				TargetAttributes = {
					1E3DB0DF289581410035F229 = {
						CreatedOnToolsVersion = 13.4;
					};
					1E7555AD289589F300024714 = {
						CreatedOnToolsVersion = 13.4;
					};
					1EEB1BCA281E3DA000615EA9 = {
						CreatedOnToolsVersion = 13.3;
					};
					1EEB1BE0281E3DA200615EA9 = {
						CreatedOnToolsVersion = 13.3;
						LastSwiftMigration = 1330;
						TestTargetID = 1EEB1BCA281E3DA000615EA9;
					};
					1EEB1BEA281E3DA200615EA9 = {
						CreatedOnToolsVersion = 13.3;
						TestTargetID = 1EEB1BCA281E3DA000615EA9;
					};
				};
			};
			buildConfigurationList = 1EEB1BC6281E3DA000615EA9 /* Build configuration list for PBXProject "VoiceOver Preview" */;
			compatibilityVersion = "Xcode 13.0";
			developmentRegion = en;
			hasScannedForEncodings = 0;
			knownRegions = (
				en,
				Base,
				ru,
			);
			mainGroup = 1EEB1BC2281E3DA000615EA9;
			productRefGroup = 1EEB1BCC281E3DA000615EA9 /* Products */;
			projectDirPath = "";
			projectRoot = "";
			targets = (
				1EEB1BCA281E3DA000615EA9 /* VoiceOver Preview */,
				1EEB1BE0281E3DA200615EA9 /* VoiceOver PreviewTests */,
				1EEB1BEA281E3DA200615EA9 /* VoiceOver PreviewUITests */,
				1E3DB0DF289581410035F229 /* QuickLookPreview */,
				1E7555AD289589F300024714 /* Thumbnail */,
			);
		};
/* End PBXProject section */

/* Begin PBXResourcesBuildPhase section */
		1E3DB0DE289581410035F229 /* Resources */ = {
			isa = PBXResourcesBuildPhase;
			buildActionMask = 2147483647;
			files = (
				1E3DB0EA289581410035F229 /* MainInterface.storyboard in Resources */,
			);
			runOnlyForDeploymentPostprocessing = 0;
		};
		1E7555AC289589F300024714 /* Resources */ = {
			isa = PBXResourcesBuildPhase;
			buildActionMask = 2147483647;
			files = (
			);
			runOnlyForDeploymentPostprocessing = 0;
		};
		1EEB1BC9281E3DA000615EA9 /* Resources */ = {
			isa = PBXResourcesBuildPhase;
			buildActionMask = 2147483647;
			files = (
				1EEB1BDB281E3DA100615EA9 /* LaunchScreen.storyboard in Resources */,
				1EEB1BD8281E3DA100615EA9 /* Assets.xcassets in Resources */,
			);
			runOnlyForDeploymentPostprocessing = 0;
		};
		1EEB1BDF281E3DA200615EA9 /* Resources */ = {
			isa = PBXResourcesBuildPhase;
			buildActionMask = 2147483647;
			files = (
			);
			runOnlyForDeploymentPostprocessing = 0;
		};
		1EEB1BE9281E3DA200615EA9 /* Resources */ = {
			isa = PBXResourcesBuildPhase;
			buildActionMask = 2147483647;
			files = (
			);
			runOnlyForDeploymentPostprocessing = 0;
		};
/* End PBXResourcesBuildPhase section */

/* Begin PBXSourcesBuildPhase section */
		1E3DB0DC289581410035F229 /* Sources */ = {
			isa = PBXSourcesBuildPhase;
			buildActionMask = 2147483647;
			files = (
				1E7555A92895881B00024714 /* QuickPreviewViewController.swift in Sources */,
			);
			runOnlyForDeploymentPostprocessing = 0;
		};
		1E7555AA289589F300024714 /* Sources */ = {
			isa = PBXSourcesBuildPhase;
			buildActionMask = 2147483647;
			files = (
				1E7555B3289589F300024714 /* ThumbnailProvider.swift in Sources */,
			);
			runOnlyForDeploymentPostprocessing = 0;
		};
		1EEB1BC7281E3DA000615EA9 /* Sources */ = {
			isa = PBXSourcesBuildPhase;
			buildActionMask = 2147483647;
			files = (
				1EEB1BCF281E3DA000615EA9 /* AppDelegate.swift in Sources */,
				1E7555A6289586B100024714 /* SceneDelegate.swift in Sources */,
			);
			runOnlyForDeploymentPostprocessing = 0;
		};
		1EEB1BDD281E3DA200615EA9 /* Sources */ = {
			isa = PBXSourcesBuildPhase;
			buildActionMask = 2147483647;
			files = (
				1EEB1BFF281E3EF600615EA9 /* VoiceOver_PreviewTests.swift in Sources */,
			);
			runOnlyForDeploymentPostprocessing = 0;
		};
		1EEB1BE7281E3DA200615EA9 /* Sources */ = {
			isa = PBXSourcesBuildPhase;
			buildActionMask = 2147483647;
			files = (
				1EEB1BF2281E3DA200615EA9 /* VoiceOver_PreviewUITestsLaunchTests.swift in Sources */,
				1EEB1BF0281E3DA200615EA9 /* VoiceOver_PreviewUITests.swift in Sources */,
			);
			runOnlyForDeploymentPostprocessing = 0;
		};
/* End PBXSourcesBuildPhase section */

/* Begin PBXTargetDependency section */
		1E3DB0ED289581410035F229 /* PBXTargetDependency */ = {
			isa = PBXTargetDependency;
			target = 1E3DB0DF289581410035F229 /* QuickLookPreview */;
			targetProxy = 1E3DB0EC289581410035F229 /* PBXContainerItemProxy */;
		};
		1E7555B6289589F300024714 /* PBXTargetDependency */ = {
			isa = PBXTargetDependency;
			target = 1E7555AD289589F300024714 /* Thumbnail */;
			targetProxy = 1E7555B5289589F300024714 /* PBXContainerItemProxy */;
		};
		1EEB1BE3281E3DA200615EA9 /* PBXTargetDependency */ = {
			isa = PBXTargetDependency;
			target = 1EEB1BCA281E3DA000615EA9 /* VoiceOver Preview */;
			targetProxy = 1EEB1BE2281E3DA200615EA9 /* PBXContainerItemProxy */;
		};
		1EEB1BED281E3DA200615EA9 /* PBXTargetDependency */ = {
			isa = PBXTargetDependency;
			target = 1EEB1BCA281E3DA000615EA9 /* VoiceOver Preview */;
			targetProxy = 1EEB1BEC281E3DA200615EA9 /* PBXContainerItemProxy */;
		};
/* End PBXTargetDependency section */

/* Begin PBXVariantGroup section */
		1E3DB0E8289581410035F229 /* MainInterface.storyboard */ = {
			isa = PBXVariantGroup;
			children = (
				1E3DB0E9289581410035F229 /* Base */,
				6B0854D229A29CC7000CDC5D /* ru */,
			);
			name = MainInterface.storyboard;
			sourceTree = "<group>";
		};
		1EEB1BD9281E3DA100615EA9 /* LaunchScreen.storyboard */ = {
			isa = PBXVariantGroup;
			children = (
				1EEB1BDA281E3DA100615EA9 /* Base */,
				6B0854D129A29CC7000CDC5D /* ru */,
			);
			name = LaunchScreen.storyboard;
			sourceTree = "<group>";
		};
/* End PBXVariantGroup section */

/* Begin XCBuildConfiguration section */
		1E3DB0F0289581410035F229 /* Debug */ = {
			isa = XCBuildConfiguration;
			buildSettings = {
				CODE_SIGN_STYLE = Automatic;
				CURRENT_PROJECT_VERSION = 1;
				DEVELOPMENT_TEAM = P67Q4Q7HA9;
				GENERATE_INFOPLIST_FILE = YES;
				INFOPLIST_FILE = QuickLookPreview/Info.plist;
				INFOPLIST_KEY_CFBundleDisplayName = QuickLookPreview;
				INFOPLIST_KEY_NSHumanReadableCopyright = "";
				IPHONEOS_DEPLOYMENT_TARGET = 15.0;
				LD_RUNPATH_SEARCH_PATHS = (
					"$(inherited)",
					"@executable_path/Frameworks",
					"@executable_path/../../Frameworks",
				);
				MARKETING_VERSION = 1.0;
				PRODUCT_BUNDLE_IDENTIFIER = "com.akaDuality.VoiceOver-Designer.QuickLookPreview";
				PRODUCT_NAME = "$(TARGET_NAME)";
				SKIP_INSTALL = YES;
				SWIFT_EMIT_LOC_STRINGS = YES;
				SWIFT_VERSION = 5.0;
				TARGETED_DEVICE_FAMILY = "1,2";
			};
			name = Debug;
		};
		1E3DB0F1289581410035F229 /* Release */ = {
			isa = XCBuildConfiguration;
			buildSettings = {
				CODE_SIGN_STYLE = Automatic;
				CURRENT_PROJECT_VERSION = 1;
				DEVELOPMENT_TEAM = P67Q4Q7HA9;
				GENERATE_INFOPLIST_FILE = YES;
				INFOPLIST_FILE = QuickLookPreview/Info.plist;
				INFOPLIST_KEY_CFBundleDisplayName = QuickLookPreview;
				INFOPLIST_KEY_NSHumanReadableCopyright = "";
				IPHONEOS_DEPLOYMENT_TARGET = 15.0;
				LD_RUNPATH_SEARCH_PATHS = (
					"$(inherited)",
					"@executable_path/Frameworks",
					"@executable_path/../../Frameworks",
				);
				MARKETING_VERSION = 1.0;
				PRODUCT_BUNDLE_IDENTIFIER = "com.akaDuality.VoiceOver-Designer.QuickLookPreview";
				PRODUCT_NAME = "$(TARGET_NAME)";
				SKIP_INSTALL = YES;
				SWIFT_EMIT_LOC_STRINGS = YES;
				SWIFT_VERSION = 5.0;
				TARGETED_DEVICE_FAMILY = "1,2";
			};
			name = Release;
		};
		1E7555B9289589F300024714 /* Debug */ = {
			isa = XCBuildConfiguration;
			buildSettings = {
				CODE_SIGN_STYLE = Automatic;
				CURRENT_PROJECT_VERSION = 1;
				DEVELOPMENT_TEAM = P67Q4Q7HA9;
				GENERATE_INFOPLIST_FILE = YES;
				INFOPLIST_FILE = Thumbnail/Info.plist;
				INFOPLIST_KEY_CFBundleDisplayName = Thumbnail;
				INFOPLIST_KEY_NSHumanReadableCopyright = "";
				IPHONEOS_DEPLOYMENT_TARGET = 15.0;
				LD_RUNPATH_SEARCH_PATHS = (
					"$(inherited)",
					"@executable_path/Frameworks",
					"@executable_path/../../Frameworks",
				);
				MARKETING_VERSION = 1.0;
				PRODUCT_BUNDLE_IDENTIFIER = "com.akaDuality.VoiceOver-Designer.Thumbnail";
				PRODUCT_NAME = "$(TARGET_NAME)";
				SKIP_INSTALL = YES;
				SWIFT_EMIT_LOC_STRINGS = YES;
				SWIFT_VERSION = 5.0;
				TARGETED_DEVICE_FAMILY = "1,2";
			};
			name = Debug;
		};
		1E7555BA289589F300024714 /* Release */ = {
			isa = XCBuildConfiguration;
			buildSettings = {
				CODE_SIGN_STYLE = Automatic;
				CURRENT_PROJECT_VERSION = 1;
				DEVELOPMENT_TEAM = P67Q4Q7HA9;
				GENERATE_INFOPLIST_FILE = YES;
				INFOPLIST_FILE = Thumbnail/Info.plist;
				INFOPLIST_KEY_CFBundleDisplayName = Thumbnail;
				INFOPLIST_KEY_NSHumanReadableCopyright = "";
				IPHONEOS_DEPLOYMENT_TARGET = 15.0;
				LD_RUNPATH_SEARCH_PATHS = (
					"$(inherited)",
					"@executable_path/Frameworks",
					"@executable_path/../../Frameworks",
				);
				MARKETING_VERSION = 1.0;
				PRODUCT_BUNDLE_IDENTIFIER = "com.akaDuality.VoiceOver-Designer.Thumbnail";
				PRODUCT_NAME = "$(TARGET_NAME)";
				SKIP_INSTALL = YES;
				SWIFT_EMIT_LOC_STRINGS = YES;
				SWIFT_VERSION = 5.0;
				TARGETED_DEVICE_FAMILY = "1,2";
			};
			name = Release;
		};
		1EEB1BF3281E3DA200615EA9 /* Debug */ = {
			isa = XCBuildConfiguration;
			buildSettings = {
				ALWAYS_SEARCH_USER_PATHS = NO;
				CLANG_ANALYZER_LOCALIZABILITY_NONLOCALIZED = YES;
				CLANG_ANALYZER_NONNULL = YES;
				CLANG_ANALYZER_NUMBER_OBJECT_CONVERSION = YES_AGGRESSIVE;
				CLANG_CXX_LANGUAGE_STANDARD = "gnu++17";
				CLANG_ENABLE_MODULES = YES;
				CLANG_ENABLE_OBJC_ARC = YES;
				CLANG_ENABLE_OBJC_WEAK = YES;
				CLANG_WARN_BLOCK_CAPTURE_AUTORELEASING = YES;
				CLANG_WARN_BOOL_CONVERSION = YES;
				CLANG_WARN_COMMA = YES;
				CLANG_WARN_CONSTANT_CONVERSION = YES;
				CLANG_WARN_DEPRECATED_OBJC_IMPLEMENTATIONS = YES;
				CLANG_WARN_DIRECT_OBJC_ISA_USAGE = YES_ERROR;
				CLANG_WARN_DOCUMENTATION_COMMENTS = YES;
				CLANG_WARN_EMPTY_BODY = YES;
				CLANG_WARN_ENUM_CONVERSION = YES;
				CLANG_WARN_INFINITE_RECURSION = YES;
				CLANG_WARN_INT_CONVERSION = YES;
				CLANG_WARN_NON_LITERAL_NULL_CONVERSION = YES;
				CLANG_WARN_OBJC_IMPLICIT_RETAIN_SELF = YES;
				CLANG_WARN_OBJC_LITERAL_CONVERSION = YES;
				CLANG_WARN_OBJC_ROOT_CLASS = YES_ERROR;
				CLANG_WARN_QUOTED_INCLUDE_IN_FRAMEWORK_HEADER = YES;
				CLANG_WARN_RANGE_LOOP_ANALYSIS = YES;
				CLANG_WARN_STRICT_PROTOTYPES = YES;
				CLANG_WARN_SUSPICIOUS_MOVE = YES;
				CLANG_WARN_UNGUARDED_AVAILABILITY = YES_AGGRESSIVE;
				CLANG_WARN_UNREACHABLE_CODE = YES;
				CLANG_WARN__DUPLICATE_METHOD_MATCH = YES;
				COPY_PHASE_STRIP = NO;
				DEBUG_INFORMATION_FORMAT = dwarf;
				ENABLE_STRICT_OBJC_MSGSEND = YES;
				ENABLE_TESTABILITY = YES;
				GCC_C_LANGUAGE_STANDARD = gnu11;
				GCC_DYNAMIC_NO_PIC = NO;
				GCC_NO_COMMON_BLOCKS = YES;
				GCC_OPTIMIZATION_LEVEL = 0;
				GCC_PREPROCESSOR_DEFINITIONS = (
					"DEBUG=1",
					"$(inherited)",
				);
				GCC_WARN_64_TO_32_BIT_CONVERSION = YES;
				GCC_WARN_ABOUT_RETURN_TYPE = YES_ERROR;
				GCC_WARN_UNDECLARED_SELECTOR = YES;
				GCC_WARN_UNINITIALIZED_AUTOS = YES_AGGRESSIVE;
				GCC_WARN_UNUSED_FUNCTION = YES;
				GCC_WARN_UNUSED_VARIABLE = YES;
				IPHONEOS_DEPLOYMENT_TARGET = 15.0;
				MTL_ENABLE_DEBUG_INFO = INCLUDE_SOURCE;
				MTL_FAST_MATH = YES;
				ONLY_ACTIVE_ARCH = YES;
				SDKROOT = iphoneos;
				SWIFT_ACTIVE_COMPILATION_CONDITIONS = DEBUG;
				SWIFT_OPTIMIZATION_LEVEL = "-Onone";
			};
			name = Debug;
		};
		1EEB1BF4281E3DA200615EA9 /* Release */ = {
			isa = XCBuildConfiguration;
			buildSettings = {
				ALWAYS_SEARCH_USER_PATHS = NO;
				CLANG_ANALYZER_LOCALIZABILITY_NONLOCALIZED = YES;
				CLANG_ANALYZER_NONNULL = YES;
				CLANG_ANALYZER_NUMBER_OBJECT_CONVERSION = YES_AGGRESSIVE;
				CLANG_CXX_LANGUAGE_STANDARD = "gnu++17";
				CLANG_ENABLE_MODULES = YES;
				CLANG_ENABLE_OBJC_ARC = YES;
				CLANG_ENABLE_OBJC_WEAK = YES;
				CLANG_WARN_BLOCK_CAPTURE_AUTORELEASING = YES;
				CLANG_WARN_BOOL_CONVERSION = YES;
				CLANG_WARN_COMMA = YES;
				CLANG_WARN_CONSTANT_CONVERSION = YES;
				CLANG_WARN_DEPRECATED_OBJC_IMPLEMENTATIONS = YES;
				CLANG_WARN_DIRECT_OBJC_ISA_USAGE = YES_ERROR;
				CLANG_WARN_DOCUMENTATION_COMMENTS = YES;
				CLANG_WARN_EMPTY_BODY = YES;
				CLANG_WARN_ENUM_CONVERSION = YES;
				CLANG_WARN_INFINITE_RECURSION = YES;
				CLANG_WARN_INT_CONVERSION = YES;
				CLANG_WARN_NON_LITERAL_NULL_CONVERSION = YES;
				CLANG_WARN_OBJC_IMPLICIT_RETAIN_SELF = YES;
				CLANG_WARN_OBJC_LITERAL_CONVERSION = YES;
				CLANG_WARN_OBJC_ROOT_CLASS = YES_ERROR;
				CLANG_WARN_QUOTED_INCLUDE_IN_FRAMEWORK_HEADER = YES;
				CLANG_WARN_RANGE_LOOP_ANALYSIS = YES;
				CLANG_WARN_STRICT_PROTOTYPES = YES;
				CLANG_WARN_SUSPICIOUS_MOVE = YES;
				CLANG_WARN_UNGUARDED_AVAILABILITY = YES_AGGRESSIVE;
				CLANG_WARN_UNREACHABLE_CODE = YES;
				CLANG_WARN__DUPLICATE_METHOD_MATCH = YES;
				COPY_PHASE_STRIP = NO;
				DEBUG_INFORMATION_FORMAT = "dwarf-with-dsym";
				ENABLE_NS_ASSERTIONS = NO;
				ENABLE_STRICT_OBJC_MSGSEND = YES;
				GCC_C_LANGUAGE_STANDARD = gnu11;
				GCC_NO_COMMON_BLOCKS = YES;
				GCC_WARN_64_TO_32_BIT_CONVERSION = YES;
				GCC_WARN_ABOUT_RETURN_TYPE = YES_ERROR;
				GCC_WARN_UNDECLARED_SELECTOR = YES;
				GCC_WARN_UNINITIALIZED_AUTOS = YES_AGGRESSIVE;
				GCC_WARN_UNUSED_FUNCTION = YES;
				GCC_WARN_UNUSED_VARIABLE = YES;
				IPHONEOS_DEPLOYMENT_TARGET = 15.0;
				MTL_ENABLE_DEBUG_INFO = NO;
				MTL_FAST_MATH = YES;
				SDKROOT = iphoneos;
				SWIFT_COMPILATION_MODE = wholemodule;
				SWIFT_OPTIMIZATION_LEVEL = "-O";
				VALIDATE_PRODUCT = YES;
			};
			name = Release;
		};
		1EEB1BF6281E3DA200615EA9 /* Debug */ = {
			isa = XCBuildConfiguration;
			buildSettings = {
				ALWAYS_EMBED_SWIFT_STANDARD_LIBRARIES = YES;
				ASSETCATALOG_COMPILER_APPICON_NAME = AppIcon;
				ASSETCATALOG_COMPILER_GLOBAL_ACCENT_COLOR_NAME = AccentColor;
				CODE_SIGN_ENTITLEMENTS = "VoiceOver Preview/VoiceOver Preview.entitlements";
				CODE_SIGN_STYLE = Automatic;
				CURRENT_PROJECT_VERSION = 1;
				DEVELOPMENT_TEAM = P67Q4Q7HA9;
				GENERATE_INFOPLIST_FILE = YES;
				INFOPLIST_FILE = "VoiceOver Preview/Info.plist";
				INFOPLIST_KEY_CFBundleDisplayName = Preview;
				INFOPLIST_KEY_LSSupportsOpeningDocumentsInPlace = YES;
				INFOPLIST_KEY_UIApplicationSupportsIndirectInputEvents = YES;
				INFOPLIST_KEY_UILaunchStoryboardName = LaunchScreen;
				INFOPLIST_KEY_UISupportedInterfaceOrientations_iPad = "UIInterfaceOrientationPortrait UIInterfaceOrientationPortraitUpsideDown UIInterfaceOrientationLandscapeLeft UIInterfaceOrientationLandscapeRight";
				INFOPLIST_KEY_UISupportedInterfaceOrientations_iPhone = "UIInterfaceOrientationPortrait UIInterfaceOrientationLandscapeLeft UIInterfaceOrientationLandscapeRight";
				INFOPLIST_KEY_UISupportsDocumentBrowser = YES;
				IPHONEOS_DEPLOYMENT_TARGET = 15.0;
				LD_RUNPATH_SEARCH_PATHS = (
					"$(inherited)",
					"@executable_path/Frameworks",
				);
				MARKETING_VERSION = 1.0;
				PRODUCT_BUNDLE_IDENTIFIER = "com.akaDuality.VoiceOver-Designer";
				PRODUCT_NAME = "$(TARGET_NAME)";
				SWIFT_EMIT_LOC_STRINGS = YES;
				SWIFT_VERSION = 5.0;
				TARGETED_DEVICE_FAMILY = "1,2";
			};
			name = Debug;
		};
		1EEB1BF7281E3DA200615EA9 /* Release */ = {
			isa = XCBuildConfiguration;
			buildSettings = {
				ALWAYS_EMBED_SWIFT_STANDARD_LIBRARIES = YES;
				ASSETCATALOG_COMPILER_APPICON_NAME = AppIcon;
				ASSETCATALOG_COMPILER_GLOBAL_ACCENT_COLOR_NAME = AccentColor;
				CODE_SIGN_ENTITLEMENTS = "VoiceOver Preview/VoiceOver Preview.entitlements";
				CODE_SIGN_STYLE = Automatic;
				CURRENT_PROJECT_VERSION = 1;
				DEVELOPMENT_TEAM = P67Q4Q7HA9;
				GENERATE_INFOPLIST_FILE = YES;
				INFOPLIST_FILE = "VoiceOver Preview/Info.plist";
				INFOPLIST_KEY_CFBundleDisplayName = Preview;
				INFOPLIST_KEY_LSSupportsOpeningDocumentsInPlace = YES;
				INFOPLIST_KEY_UIApplicationSupportsIndirectInputEvents = YES;
				INFOPLIST_KEY_UILaunchStoryboardName = LaunchScreen;
				INFOPLIST_KEY_UISupportedInterfaceOrientations_iPad = "UIInterfaceOrientationPortrait UIInterfaceOrientationPortraitUpsideDown UIInterfaceOrientationLandscapeLeft UIInterfaceOrientationLandscapeRight";
				INFOPLIST_KEY_UISupportedInterfaceOrientations_iPhone = "UIInterfaceOrientationPortrait UIInterfaceOrientationLandscapeLeft UIInterfaceOrientationLandscapeRight";
				INFOPLIST_KEY_UISupportsDocumentBrowser = YES;
				IPHONEOS_DEPLOYMENT_TARGET = 15.0;
				LD_RUNPATH_SEARCH_PATHS = (
					"$(inherited)",
					"@executable_path/Frameworks",
				);
				MARKETING_VERSION = 1.0;
				PRODUCT_BUNDLE_IDENTIFIER = "com.akaDuality.VoiceOver-Designer";
				PRODUCT_NAME = "$(TARGET_NAME)";
				SWIFT_EMIT_LOC_STRINGS = YES;
				SWIFT_VERSION = 5.0;
				TARGETED_DEVICE_FAMILY = "1,2";
			};
			name = Release;
		};
		1EEB1BF9281E3DA200615EA9 /* Debug */ = {
			isa = XCBuildConfiguration;
			buildSettings = {
				ALWAYS_EMBED_SWIFT_STANDARD_LIBRARIES = YES;
				BUNDLE_LOADER = "$(TEST_HOST)";
				CLANG_ENABLE_MODULES = YES;
				CODE_SIGN_STYLE = Automatic;
				CURRENT_PROJECT_VERSION = 1;
				DEVELOPMENT_TEAM = P67Q4Q7HA9;
				GENERATE_INFOPLIST_FILE = YES;
				IPHONEOS_DEPLOYMENT_TARGET = 15.0;
				LD_RUNPATH_SEARCH_PATHS = (
					"$(inherited)",
					"@executable_path/Frameworks",
					"@loader_path/Frameworks",
				);
				MARKETING_VERSION = 1.0;
				PRODUCT_BUNDLE_IDENTIFIER = "com.akaDuality.VoiceOver-PreviewTests";
				PRODUCT_NAME = "$(TARGET_NAME)";
				SWIFT_EMIT_LOC_STRINGS = NO;
				SWIFT_OPTIMIZATION_LEVEL = "-Onone";
				SWIFT_VERSION = 5.0;
				TARGETED_DEVICE_FAMILY = "1,2";
				TEST_HOST = "$(BUILT_PRODUCTS_DIR)/VoiceOver Preview.app/VoiceOver Preview";
			};
			name = Debug;
		};
		1EEB1BFA281E3DA200615EA9 /* Release */ = {
			isa = XCBuildConfiguration;
			buildSettings = {
				ALWAYS_EMBED_SWIFT_STANDARD_LIBRARIES = YES;
				BUNDLE_LOADER = "$(TEST_HOST)";
				CLANG_ENABLE_MODULES = YES;
				CODE_SIGN_STYLE = Automatic;
				CURRENT_PROJECT_VERSION = 1;
				DEVELOPMENT_TEAM = P67Q4Q7HA9;
				GENERATE_INFOPLIST_FILE = YES;
				IPHONEOS_DEPLOYMENT_TARGET = 15.0;
				LD_RUNPATH_SEARCH_PATHS = (
					"$(inherited)",
					"@executable_path/Frameworks",
					"@loader_path/Frameworks",
				);
				MARKETING_VERSION = 1.0;
				PRODUCT_BUNDLE_IDENTIFIER = "com.akaDuality.VoiceOver-PreviewTests";
				PRODUCT_NAME = "$(TARGET_NAME)";
				SWIFT_EMIT_LOC_STRINGS = NO;
				SWIFT_VERSION = 5.0;
				TARGETED_DEVICE_FAMILY = "1,2";
				TEST_HOST = "$(BUILT_PRODUCTS_DIR)/VoiceOver Preview.app/VoiceOver Preview";
			};
			name = Release;
		};
		1EEB1BFC281E3DA200615EA9 /* Debug */ = {
			isa = XCBuildConfiguration;
			buildSettings = {
				ALWAYS_EMBED_SWIFT_STANDARD_LIBRARIES = YES;
				CODE_SIGN_STYLE = Automatic;
				CURRENT_PROJECT_VERSION = 1;
				DEVELOPMENT_TEAM = P67Q4Q7HA9;
				GENERATE_INFOPLIST_FILE = YES;
				MARKETING_VERSION = 1.0;
				PRODUCT_BUNDLE_IDENTIFIER = "com.akaDuality.VoiceOver-PreviewUITests";
				PRODUCT_NAME = "$(TARGET_NAME)";
				SWIFT_EMIT_LOC_STRINGS = NO;
				SWIFT_VERSION = 5.0;
				TARGETED_DEVICE_FAMILY = "1,2";
				TEST_TARGET_NAME = "VoiceOver Preview";
			};
			name = Debug;
		};
		1EEB1BFD281E3DA200615EA9 /* Release */ = {
			isa = XCBuildConfiguration;
			buildSettings = {
				ALWAYS_EMBED_SWIFT_STANDARD_LIBRARIES = YES;
				CODE_SIGN_STYLE = Automatic;
				CURRENT_PROJECT_VERSION = 1;
				DEVELOPMENT_TEAM = P67Q4Q7HA9;
				GENERATE_INFOPLIST_FILE = YES;
				MARKETING_VERSION = 1.0;
				PRODUCT_BUNDLE_IDENTIFIER = "com.akaDuality.VoiceOver-PreviewUITests";
				PRODUCT_NAME = "$(TARGET_NAME)";
				SWIFT_EMIT_LOC_STRINGS = NO;
				SWIFT_VERSION = 5.0;
				TARGETED_DEVICE_FAMILY = "1,2";
				TEST_TARGET_NAME = "VoiceOver Preview";
			};
			name = Release;
		};
/* End XCBuildConfiguration section */

/* Begin XCConfigurationList section */
		1E3DB0F2289581410035F229 /* Build configuration list for PBXNativeTarget "QuickLookPreview" */ = {
			isa = XCConfigurationList;
			buildConfigurations = (
				1E3DB0F0289581410035F229 /* Debug */,
				1E3DB0F1289581410035F229 /* Release */,
			);
			defaultConfigurationIsVisible = 0;
			defaultConfigurationName = Release;
		};
		1E7555B8289589F300024714 /* Build configuration list for PBXNativeTarget "Thumbnail" */ = {
			isa = XCConfigurationList;
			buildConfigurations = (
				1E7555B9289589F300024714 /* Debug */,
				1E7555BA289589F300024714 /* Release */,
			);
			defaultConfigurationIsVisible = 0;
			defaultConfigurationName = Release;
		};
		1EEB1BC6281E3DA000615EA9 /* Build configuration list for PBXProject "VoiceOver Preview" */ = {
			isa = XCConfigurationList;
			buildConfigurations = (
				1EEB1BF3281E3DA200615EA9 /* Debug */,
				1EEB1BF4281E3DA200615EA9 /* Release */,
			);
			defaultConfigurationIsVisible = 0;
			defaultConfigurationName = Release;
		};
		1EEB1BF5281E3DA200615EA9 /* Build configuration list for PBXNativeTarget "VoiceOver Preview" */ = {
			isa = XCConfigurationList;
			buildConfigurations = (
				1EEB1BF6281E3DA200615EA9 /* Debug */,
				1EEB1BF7281E3DA200615EA9 /* Release */,
			);
			defaultConfigurationIsVisible = 0;
			defaultConfigurationName = Release;
		};
		1EEB1BF8281E3DA200615EA9 /* Build configuration list for PBXNativeTarget "VoiceOver PreviewTests" */ = {
			isa = XCConfigurationList;
			buildConfigurations = (
				1EEB1BF9281E3DA200615EA9 /* Debug */,
				1EEB1BFA281E3DA200615EA9 /* Release */,
			);
			defaultConfigurationIsVisible = 0;
			defaultConfigurationName = Release;
		};
		1EEB1BFB281E3DA200615EA9 /* Build configuration list for PBXNativeTarget "VoiceOver PreviewUITests" */ = {
			isa = XCConfigurationList;
			buildConfigurations = (
				1EEB1BFC281E3DA200615EA9 /* Debug */,
				1EEB1BFD281E3DA200615EA9 /* Release */,
			);
			defaultConfigurationIsVisible = 0;
			defaultConfigurationName = Release;
		};
/* End XCConfigurationList section */

/* Begin XCSwiftPackageProductDependency section */
		1E5DAF4E2927E86900AA37D1 /* Document */ = {
			isa = XCSwiftPackageProductDependency;
			productName = Document;
		};
		1EB978F4289F0D2200CE330C /* DesignPreview */ = {
			isa = XCSwiftPackageProductDependency;
			productName = DesignPreview;
		};
		1EB978F6289F0D3B00CE330C /* DesignPreview */ = {
			isa = XCSwiftPackageProductDependency;
			productName = DesignPreview;
		};
		1EB978FA289F0E9700CE330C /* Document */ = {
			isa = XCSwiftPackageProductDependency;
			productName = Document;
		};
/* End XCSwiftPackageProductDependency section */
	};
	rootObject = 1EEB1BC3281E3DA000615EA9 /* Project object */;
}
