// !$*UTF8*$!
{
	archiveVersion = 1;
	classes = {
	};
	objectVersion = 55;
	objects = {

/* Begin PBXBuildFile section */
		1E0030B82896C50400B2E238 /* ProjectController.swift in Sources */ = {isa = PBXBuildFile; fileRef = 1E0030B72896C50400B2E238 /* ProjectController.swift */; };
		1E033902281E737000EE373E /* Document in Frameworks */ = {isa = PBXBuildFile; productRef = 1E033901281E737000EE373E /* Document */; };
		1E183AE228B500B3008B0F07 /* MainMenu.xib in Resources */ = {isa = PBXBuildFile; fileRef = 1E183AE128B500B3008B0F07 /* MainMenu.xib */; };
		1E1D7FF1281D5CBE00B64954 /* AppDelegate.swift in Sources */ = {isa = PBXBuildFile; fileRef = 1E1D7FF0281D5CBE00B64954 /* AppDelegate.swift */; };
		1E1D7FF5281D5CBF00B64954 /* Assets.xcassets in Resources */ = {isa = PBXBuildFile; fileRef = 1E1D7FF4281D5CBF00B64954 /* Assets.xcassets */; };
		1E1D7FF8281D5CBF00B64954 /* ProjectsWindowController.storyboard in Resources */ = {isa = PBXBuildFile; fileRef = 1E1D7FF6281D5CBF00B64954 /* ProjectsWindowController.storyboard */; };
		1E25D6782896967C00D06A9F /* TextUI in Frameworks */ = {isa = PBXBuildFile; productRef = 1E25D6772896967C00D06A9F /* TextUI */; };
		1E25D67A289696E900D06A9F /* Settings in Frameworks */ = {isa = PBXBuildFile; productRef = 1E25D679289696E900D06A9F /* Settings */; };
		1E579B20282447D900B13565 /* ProjectsWindowController.swift in Sources */ = {isa = PBXBuildFile; fileRef = 1E579B1F282447D900B13565 /* ProjectsWindowController.swift */; };
		1E579B9C2825485300B13565 /* VODocumentController.swift in Sources */ = {isa = PBXBuildFile; fileRef = 1E579B9B2825485300B13565 /* VODocumentController.swift */; };
		1E7555C32895918400024714 /* QuickLookThumbnailing.framework in Frameworks */ = {isa = PBXBuildFile; fileRef = 1E7555C22895918400024714 /* QuickLookThumbnailing.framework */; };
		1E7555C52895918400024714 /* Quartz.framework in Frameworks */ = {isa = PBXBuildFile; fileRef = 1E7555C42895918400024714 /* Quartz.framework */; };
		1E7555C82895918400024714 /* ThumbnailProvider.swift in Sources */ = {isa = PBXBuildFile; fileRef = 1E7555C72895918400024714 /* ThumbnailProvider.swift */; };
		1E7555CD2895918400024714 /* MacOSPreview.appex in Embed App Extensions */ = {isa = PBXBuildFile; fileRef = 1E7555C12895918400024714 /* MacOSPreview.appex */; settings = {ATTRIBUTES = (RemoveHeadersOnCopy, ); }; };
		1E7555D3289591B900024714 /* Document in Frameworks */ = {isa = PBXBuildFile; productRef = 1E7555D2289591B900024714 /* Document */; };
		1E7B569C28B37B7C008D1871 /* DesignerTests.swift in Sources */ = {isa = PBXBuildFile; fileRef = 1E7B569B28B37B7C008D1871 /* DesignerTests.swift */; };
		1E7B569F28B37BE0008D1871 /* Settings.swift in Sources */ = {isa = PBXBuildFile; fileRef = 1E7B569E28B37BE0008D1871 /* Settings.swift */; };
		1E7B56A128B37BEF008D1871 /* TextSummary.swift in Sources */ = {isa = PBXBuildFile; fileRef = 1E7B56A028B37BEF008D1871 /* TextSummary.swift */; };
		1E7B56A328B37C07008D1871 /* ProjectPanel.swift in Sources */ = {isa = PBXBuildFile; fileRef = 1E7B56A228B37C07008D1871 /* ProjectPanel.swift */; };
		1E7B56A528B37C39008D1871 /* ProjectWindow.swift in Sources */ = {isa = PBXBuildFile; fileRef = 1E7B56A428B37C39008D1871 /* ProjectWindow.swift */; };
		1E7B56A728B37C51008D1871 /* ProjectsWindow.swift in Sources */ = {isa = PBXBuildFile; fileRef = 1E7B56A628B37C51008D1871 /* ProjectsWindow.swift */; };
		1E7B56AA28B38042008D1871 /* Canvas.swift in Sources */ = {isa = PBXBuildFile; fileRef = 1E7B56A928B38042008D1871 /* Canvas.swift */; };
		1E7B56AC28B38103008D1871 /* DocumentTests.swift in Sources */ = {isa = PBXBuildFile; fileRef = 1E7B56AB28B38103008D1871 /* DocumentTests.swift */; };
		1E7B56AF28B38F5D008D1871 /* AdjustableTest.swift in Sources */ = {isa = PBXBuildFile; fileRef = 1E7B56AE28B38F5D008D1871 /* AdjustableTest.swift */; };
		1E80528728B4DF6300743023 /* WindowTests.swift in Sources */ = {isa = PBXBuildFile; fileRef = 1E80528628B4DF6300743023 /* WindowTests.swift */; };
		1E80528928B4E71E00743023 /* WindowManager.swift in Sources */ = {isa = PBXBuildFile; fileRef = 1E80528828B4E71E00743023 /* WindowManager.swift */; };
		1E80528D28B4E98C00743023 /* main.swift in Sources */ = {isa = PBXBuildFile; fileRef = 1E80528C28B4E98C00743023 /* main.swift */; };
		1E80529528B4F42900743023 /* MainMenu.swift in Sources */ = {isa = PBXBuildFile; fileRef = 1E80529428B4F42900743023 /* MainMenu.swift */; };
		1EA7411928B2683000D6CAA4 /* DrawingTests.swift in Sources */ = {isa = PBXBuildFile; fileRef = 1EA7411828B2683000D6CAA4 /* DrawingTests.swift */; };
		1EB554B228B274B6000DC4FB /* Robot.swift in Sources */ = {isa = PBXBuildFile; fileRef = 1EB554B128B274B6000DC4FB /* Robot.swift */; };
		1EC992DB28B119730020041B /* ProjectController+Toolbar.swift in Sources */ = {isa = PBXBuildFile; fileRef = 1EC992DA28B119730020041B /* ProjectController+Toolbar.swift */; };
		6B628797288D3F60006F622A /* Projects in Frameworks */ = {isa = PBXBuildFile; productRef = 6B628796288D3F60006F622A /* Projects */; };
		6B628799288D4039006F622A /* Editor in Frameworks */ = {isa = PBXBuildFile; productRef = 6B628798288D4039006F622A /* Editor */; };
/* End PBXBuildFile section */

/* Begin PBXContainerItemProxy section */
		1E7555CB2895918400024714 /* PBXContainerItemProxy */ = {
			isa = PBXContainerItemProxy;
			containerPortal = 1E1D7FE5281D5CBE00B64954 /* Project object */;
			proxyType = 1;
			remoteGlobalIDString = 1E7555C02895918400024714;
			remoteInfo = MacOSPreview;
		};
		1EA7411C28B2683000D6CAA4 /* PBXContainerItemProxy */ = {
			isa = PBXContainerItemProxy;
			containerPortal = 1E1D7FE5281D5CBE00B64954 /* Project object */;
			proxyType = 1;
			remoteGlobalIDString = 1E1D7FEC281D5CBE00B64954;
			remoteInfo = "VoiceOver Designer";
		};
/* End PBXContainerItemProxy section */

/* Begin PBXCopyFilesBuildPhase section */
		1E7555CE2895918400024714 /* Embed App Extensions */ = {
			isa = PBXCopyFilesBuildPhase;
			buildActionMask = 2147483647;
			dstPath = "";
			dstSubfolderSpec = 13;
			files = (
				1E7555CD2895918400024714 /* MacOSPreview.appex in Embed App Extensions */,
			);
			name = "Embed App Extensions";
			runOnlyForDeploymentPostprocessing = 0;
		};
/* End PBXCopyFilesBuildPhase section */

/* Begin PBXFileReference section */
		1E0030B72896C50400B2E238 /* ProjectController.swift */ = {isa = PBXFileReference; lastKnownFileType = sourcecode.swift; path = ProjectController.swift; sourceTree = "<group>"; };
		1E183AE128B500B3008B0F07 /* MainMenu.xib */ = {isa = PBXFileReference; lastKnownFileType = file.xib; path = MainMenu.xib; sourceTree = "<group>"; };
		1E1D7FED281D5CBE00B64954 /* VoiceOver Designer.app */ = {isa = PBXFileReference; explicitFileType = wrapper.application; includeInIndex = 0; path = "VoiceOver Designer.app"; sourceTree = BUILT_PRODUCTS_DIR; };
		1E1D7FF0281D5CBE00B64954 /* AppDelegate.swift */ = {isa = PBXFileReference; lastKnownFileType = sourcecode.swift; path = AppDelegate.swift; sourceTree = "<group>"; };
		1E1D7FF4281D5CBF00B64954 /* Assets.xcassets */ = {isa = PBXFileReference; lastKnownFileType = folder.assetcatalog; path = Assets.xcassets; sourceTree = "<group>"; };
		1E1D7FF7281D5CBF00B64954 /* Base */ = {isa = PBXFileReference; lastKnownFileType = file.storyboard; name = Base; path = Base.lproj/ProjectsWindowController.storyboard; sourceTree = "<group>"; };
		1E1D7FF9281D5CBF00B64954 /* VoiceOver_Designer.entitlements */ = {isa = PBXFileReference; lastKnownFileType = text.plist.entitlements; path = VoiceOver_Designer.entitlements; sourceTree = "<group>"; };
		1E579B1B2824473600B13565 /* Projects.framework */ = {isa = PBXFileReference; explicitFileType = wrapper.framework; path = Projects.framework; sourceTree = BUILT_PRODUCTS_DIR; };
		1E579B1F282447D900B13565 /* ProjectsWindowController.swift */ = {isa = PBXFileReference; lastKnownFileType = sourcecode.swift; path = ProjectsWindowController.swift; sourceTree = "<group>"; };
		1E579B5728244B6F00B13565 /* Editor.framework */ = {isa = PBXFileReference; explicitFileType = wrapper.framework; path = Editor.framework; sourceTree = BUILT_PRODUCTS_DIR; };
		1E579B8528244D9300B13565 /* Settings.framework */ = {isa = PBXFileReference; explicitFileType = wrapper.framework; path = Settings.framework; sourceTree = BUILT_PRODUCTS_DIR; };
		1E579B9B2825485300B13565 /* VODocumentController.swift */ = {isa = PBXFileReference; lastKnownFileType = sourcecode.swift; path = VODocumentController.swift; sourceTree = "<group>"; };
		1E7555C12895918400024714 /* MacOSPreview.appex */ = {isa = PBXFileReference; explicitFileType = "wrapper.app-extension"; includeInIndex = 0; path = MacOSPreview.appex; sourceTree = BUILT_PRODUCTS_DIR; };
		1E7555C22895918400024714 /* QuickLookThumbnailing.framework */ = {isa = PBXFileReference; lastKnownFileType = wrapper.framework; name = QuickLookThumbnailing.framework; path = System/Library/Frameworks/QuickLookThumbnailing.framework; sourceTree = SDKROOT; };
		1E7555C42895918400024714 /* Quartz.framework */ = {isa = PBXFileReference; lastKnownFileType = wrapper.framework; name = Quartz.framework; path = System/Library/Frameworks/Quartz.framework; sourceTree = SDKROOT; };
		1E7555C72895918400024714 /* ThumbnailProvider.swift */ = {isa = PBXFileReference; lastKnownFileType = sourcecode.swift; path = ThumbnailProvider.swift; sourceTree = "<group>"; };
		1E7555C92895918400024714 /* Info.plist */ = {isa = PBXFileReference; lastKnownFileType = text.plist.xml; path = Info.plist; sourceTree = "<group>"; };
		1E7555CA2895918400024714 /* MacOSPreview.entitlements */ = {isa = PBXFileReference; lastKnownFileType = text.plist.entitlements; path = MacOSPreview.entitlements; sourceTree = "<group>"; };
		1E7B569B28B37B7C008D1871 /* DesignerTests.swift */ = {isa = PBXFileReference; lastKnownFileType = sourcecode.swift; path = DesignerTests.swift; sourceTree = "<group>"; };
		1E7B569E28B37BE0008D1871 /* Settings.swift */ = {isa = PBXFileReference; lastKnownFileType = sourcecode.swift; path = Settings.swift; sourceTree = "<group>"; };
		1E7B56A028B37BEF008D1871 /* TextSummary.swift */ = {isa = PBXFileReference; lastKnownFileType = sourcecode.swift; path = TextSummary.swift; sourceTree = "<group>"; };
		1E7B56A228B37C07008D1871 /* ProjectPanel.swift */ = {isa = PBXFileReference; lastKnownFileType = sourcecode.swift; path = ProjectPanel.swift; sourceTree = "<group>"; };
		1E7B56A428B37C39008D1871 /* ProjectWindow.swift */ = {isa = PBXFileReference; lastKnownFileType = sourcecode.swift; path = ProjectWindow.swift; sourceTree = "<group>"; };
		1E7B56A628B37C51008D1871 /* ProjectsWindow.swift */ = {isa = PBXFileReference; lastKnownFileType = sourcecode.swift; path = ProjectsWindow.swift; sourceTree = "<group>"; };
		1E7B56A928B38042008D1871 /* Canvas.swift */ = {isa = PBXFileReference; lastKnownFileType = sourcecode.swift; path = Canvas.swift; sourceTree = "<group>"; };
		1E7B56AB28B38103008D1871 /* DocumentTests.swift */ = {isa = PBXFileReference; lastKnownFileType = sourcecode.swift; path = DocumentTests.swift; sourceTree = "<group>"; };
		1E7B56AE28B38F5D008D1871 /* AdjustableTest.swift */ = {isa = PBXFileReference; lastKnownFileType = sourcecode.swift; path = AdjustableTest.swift; sourceTree = "<group>"; };
		1E80528628B4DF6300743023 /* WindowTests.swift */ = {isa = PBXFileReference; lastKnownFileType = sourcecode.swift; path = WindowTests.swift; sourceTree = "<group>"; };
		1E80528828B4E71E00743023 /* WindowManager.swift */ = {isa = PBXFileReference; lastKnownFileType = sourcecode.swift; path = WindowManager.swift; sourceTree = "<group>"; };
		1E80528C28B4E98C00743023 /* main.swift */ = {isa = PBXFileReference; lastKnownFileType = sourcecode.swift; path = main.swift; sourceTree = "<group>"; };
		1E80529428B4F42900743023 /* MainMenu.swift */ = {isa = PBXFileReference; lastKnownFileType = sourcecode.swift; path = MainMenu.swift; sourceTree = "<group>"; };
		1EA7411628B2683000D6CAA4 /* VoiceOverDesignerUITests.xctest */ = {isa = PBXFileReference; explicitFileType = wrapper.cfbundle; includeInIndex = 0; path = VoiceOverDesignerUITests.xctest; sourceTree = BUILT_PRODUCTS_DIR; };
		1EA7411828B2683000D6CAA4 /* DrawingTests.swift */ = {isa = PBXFileReference; lastKnownFileType = sourcecode.swift; path = DrawingTests.swift; sourceTree = "<group>"; };
		1EB554B128B274B6000DC4FB /* Robot.swift */ = {isa = PBXFileReference; lastKnownFileType = sourcecode.swift; path = Robot.swift; sourceTree = "<group>"; };
		1EC992DA28B119730020041B /* ProjectController+Toolbar.swift */ = {isa = PBXFileReference; lastKnownFileType = sourcecode.swift; path = "ProjectController+Toolbar.swift"; sourceTree = "<group>"; };
		1EF217D4281EBBE00036B09B /* VoiceOver-Designer-Info.plist */ = {isa = PBXFileReference; lastKnownFileType = text.plist; path = "VoiceOver-Designer-Info.plist"; sourceTree = SOURCE_ROOT; };
		6B628795288D3A8D006F622A /* Features */ = {isa = PBXFileReference; lastKnownFileType = wrapper; name = Features; path = "VoiceOver Designer/Features"; sourceTree = "<group>"; };
/* End PBXFileReference section */

/* Begin PBXFrameworksBuildPhase section */
		1E1D7FEA281D5CBE00B64954 /* Frameworks */ = {
			isa = PBXFrameworksBuildPhase;
			buildActionMask = 2147483647;
			files = (
				6B628799288D4039006F622A /* Editor in Frameworks */,
				1E25D67A289696E900D06A9F /* Settings in Frameworks */,
				1E25D6782896967C00D06A9F /* TextUI in Frameworks */,
				6B628797288D3F60006F622A /* Projects in Frameworks */,
				1E033902281E737000EE373E /* Document in Frameworks */,
			);
			runOnlyForDeploymentPostprocessing = 0;
		};
		1E7555BE2895918400024714 /* Frameworks */ = {
			isa = PBXFrameworksBuildPhase;
			buildActionMask = 2147483647;
			files = (
				1E7555C32895918400024714 /* QuickLookThumbnailing.framework in Frameworks */,
				1E7555D3289591B900024714 /* Document in Frameworks */,
				1E7555C52895918400024714 /* Quartz.framework in Frameworks */,
			);
			runOnlyForDeploymentPostprocessing = 0;
		};
		1EA7411328B2683000D6CAA4 /* Frameworks */ = {
			isa = PBXFrameworksBuildPhase;
			buildActionMask = 2147483647;
			files = (
			);
			runOnlyForDeploymentPostprocessing = 0;
		};
/* End PBXFrameworksBuildPhase section */

/* Begin PBXGroup section */
		1E033900281E737000EE373E /* Frameworks */ = {
			isa = PBXGroup;
			children = (
				1E579B8528244D9300B13565 /* Settings.framework */,
				1E579B5728244B6F00B13565 /* Editor.framework */,
				1E579B1B2824473600B13565 /* Projects.framework */,
				1E7555C22895918400024714 /* QuickLookThumbnailing.framework */,
				1E7555C42895918400024714 /* Quartz.framework */,
			);
			name = Frameworks;
			sourceTree = "<group>";
		};
		1E1D7FE4281D5CBE00B64954 = {
			isa = PBXGroup;
			children = (
				6B628795288D3A8D006F622A /* Features */,
				1E1D7FEF281D5CBE00B64954 /* VoiceOver Designer */,
				1E7555C62895918400024714 /* MacOSPreview */,
				1EA7411728B2683000D6CAA4 /* VoiceOverDesignerUITests */,
				1E1D7FEE281D5CBE00B64954 /* Products */,
				1E033900281E737000EE373E /* Frameworks */,
			);
			sourceTree = "<group>";
		};
		1E1D7FEE281D5CBE00B64954 /* Products */ = {
			isa = PBXGroup;
			children = (
				1E1D7FED281D5CBE00B64954 /* VoiceOver Designer.app */,
				1E7555C12895918400024714 /* MacOSPreview.appex */,
				1EA7411628B2683000D6CAA4 /* VoiceOverDesignerUITests.xctest */,
			);
			name = Products;
			sourceTree = "<group>";
		};
		1E1D7FEF281D5CBE00B64954 /* VoiceOver Designer */ = {
			isa = PBXGroup;
			children = (
				1EF217D4281EBBE00036B09B /* VoiceOver-Designer-Info.plist */,
				1E1D7FF0281D5CBE00B64954 /* AppDelegate.swift */,
				1E80529428B4F42900743023 /* MainMenu.swift */,
				1E183AE128B500B3008B0F07 /* MainMenu.xib */,
				1E80528E28B4EDD200743023 /* Documents */,
				1E80528F28B4EDD800743023 /* SingleDocument */,
				1E80528C28B4E98C00743023 /* main.swift */,
				1E1D7FF4281D5CBF00B64954 /* Assets.xcassets */,
				1E1D7FF9281D5CBF00B64954 /* VoiceOver_Designer.entitlements */,
			);
			path = "VoiceOver Designer";
			sourceTree = "<group>";
		};
		1E7555C62895918400024714 /* MacOSPreview */ = {
			isa = PBXGroup;
			children = (
				1E7555C72895918400024714 /* ThumbnailProvider.swift */,
				1E7555C92895918400024714 /* Info.plist */,
				1E7555CA2895918400024714 /* MacOSPreview.entitlements */,
			);
			path = MacOSPreview;
			sourceTree = "<group>";
		};
		1E7B569D28B37BCB008D1871 /* Panels */ = {
			isa = PBXGroup;
			children = (
				1E7B569E28B37BE0008D1871 /* Settings.swift */,
				1E7B56A928B38042008D1871 /* Canvas.swift */,
				1E7B56A028B37BEF008D1871 /* TextSummary.swift */,
			);
			path = Panels;
			sourceTree = "<group>";
		};
		1E7B56A828B37C6E008D1871 /* Base */ = {
			isa = PBXGroup;
			children = (
				1EB554B128B274B6000DC4FB /* Robot.swift */,
				1E7B56A228B37C07008D1871 /* ProjectPanel.swift */,
			);
			path = Base;
			sourceTree = "<group>";
		};
		1E7B56AD28B38116008D1871 /* Base */ = {
			isa = PBXGroup;
			children = (
				1E7B56AB28B38103008D1871 /* DocumentTests.swift */,
				1E7B569B28B37B7C008D1871 /* DesignerTests.swift */,
			);
			path = Base;
			sourceTree = "<group>";
		};
		1E80528E28B4EDD200743023 /* Documents */ = {
			isa = PBXGroup;
			children = (
				1E80528828B4E71E00743023 /* WindowManager.swift */,
				1E579B1F282447D900B13565 /* ProjectsWindowController.swift */,
				1E1D7FF6281D5CBF00B64954 /* ProjectsWindowController.storyboard */,
				1E579B9B2825485300B13565 /* VODocumentController.swift */,
			);
			path = Documents;
			sourceTree = "<group>";
		};
		1E80528F28B4EDD800743023 /* SingleDocument */ = {
			isa = PBXGroup;
			children = (
				1E0030B72896C50400B2E238 /* ProjectController.swift */,
				1EC992DA28B119730020041B /* ProjectController+Toolbar.swift */,
			);
			path = SingleDocument;
			sourceTree = "<group>";
		};
		1EA7411728B2683000D6CAA4 /* VoiceOverDesignerUITests */ = {
			isa = PBXGroup;
			children = (
				1EA7411828B2683000D6CAA4 /* DrawingTests.swift */,
				1E80528628B4DF6300743023 /* WindowTests.swift */,
				1E7B56AE28B38F5D008D1871 /* AdjustableTest.swift */,
				1E7B56AD28B38116008D1871 /* Base */,
				1EB554B028B274A0000DC4FB /* PageObjects */,
			);
			path = VoiceOverDesignerUITests;
			sourceTree = "<group>";
		};
		1EB554B028B274A0000DC4FB /* PageObjects */ = {
			isa = PBXGroup;
			children = (
				1E7B56A828B37C6E008D1871 /* Base */,
				1E7B56A428B37C39008D1871 /* ProjectWindow.swift */,
				1E7B56A628B37C51008D1871 /* ProjectsWindow.swift */,
				1E7B569D28B37BCB008D1871 /* Panels */,
			);
			path = PageObjects;
			sourceTree = "<group>";
		};
/* End PBXGroup section */

/* Begin PBXNativeTarget section */
		1E1D7FEC281D5CBE00B64954 /* VoiceOver Designer */ = {
			isa = PBXNativeTarget;
			buildConfigurationList = 1E1D8012281D5CC000B64954 /* Build configuration list for PBXNativeTarget "VoiceOver Designer" */;
			buildPhases = (
				1E1D7FE9281D5CBE00B64954 /* Sources */,
				1E1D7FEA281D5CBE00B64954 /* Frameworks */,
				1E1D7FEB281D5CBE00B64954 /* Resources */,
				1E7555CE2895918400024714 /* Embed App Extensions */,
			);
			buildRules = (
			);
			dependencies = (
				1E7555CC2895918400024714 /* PBXTargetDependency */,
			);
			name = "VoiceOver Designer";
			packageProductDependencies = (
				1E033901281E737000EE373E /* Document */,
				6B628796288D3F60006F622A /* Projects */,
				6B628798288D4039006F622A /* Editor */,
				1E25D6772896967C00D06A9F /* TextUI */,
				1E25D679289696E900D06A9F /* Settings */,
			);
			productName = "VoiceOver Designer";
			productReference = 1E1D7FED281D5CBE00B64954 /* VoiceOver Designer.app */;
			productType = "com.apple.product-type.application";
		};
		1E7555C02895918400024714 /* MacOSPreview */ = {
			isa = PBXNativeTarget;
			buildConfigurationList = 1E7555D12895918400024714 /* Build configuration list for PBXNativeTarget "MacOSPreview" */;
			buildPhases = (
				1E7555BD2895918400024714 /* Sources */,
				1E7555BE2895918400024714 /* Frameworks */,
				1E7555BF2895918400024714 /* Resources */,
			);
			buildRules = (
			);
			dependencies = (
			);
			name = MacOSPreview;
			packageProductDependencies = (
				1E7555D2289591B900024714 /* Document */,
			);
			productName = MacOSPreview;
			productReference = 1E7555C12895918400024714 /* MacOSPreview.appex */;
			productType = "com.apple.product-type.app-extension";
		};
		1EA7411528B2683000D6CAA4 /* VoiceOverDesignerUITests */ = {
			isa = PBXNativeTarget;
			buildConfigurationList = 1EA7412028B2683000D6CAA4 /* Build configuration list for PBXNativeTarget "VoiceOverDesignerUITests" */;
			buildPhases = (
				1EA7411228B2683000D6CAA4 /* Sources */,
				1EA7411328B2683000D6CAA4 /* Frameworks */,
				1EA7411428B2683000D6CAA4 /* Resources */,
			);
			buildRules = (
			);
			dependencies = (
				1EA7411D28B2683000D6CAA4 /* PBXTargetDependency */,
			);
			name = VoiceOverDesignerUITests;
			productName = VoiceOverDesignerUITests;
			productReference = 1EA7411628B2683000D6CAA4 /* VoiceOverDesignerUITests.xctest */;
			productType = "com.apple.product-type.bundle.ui-testing";
		};
/* End PBXNativeTarget section */

/* Begin PBXProject section */
		1E1D7FE5281D5CBE00B64954 /* Project object */ = {
			isa = PBXProject;
			attributes = {
				BuildIndependentTargetsInParallel = 1;
				LastSwiftUpdateCheck = 1340;
				LastUpgradeCheck = 1330;
				TargetAttributes = {
					1E1D7FEC281D5CBE00B64954 = {
						CreatedOnToolsVersion = 13.3;
					};
					1E7555C02895918400024714 = {
						CreatedOnToolsVersion = 13.4;
					};
					1EA7411528B2683000D6CAA4 = {
						CreatedOnToolsVersion = 13.4;
						TestTargetID = 1E1D7FEC281D5CBE00B64954;
					};
				};
			};
			buildConfigurationList = 1E1D7FE8281D5CBE00B64954 /* Build configuration list for PBXProject "VoiceOver Designer" */;
			compatibilityVersion = "Xcode 13.0";
			developmentRegion = en;
			hasScannedForEncodings = 0;
			knownRegions = (
				en,
				Base,
			);
			mainGroup = 1E1D7FE4281D5CBE00B64954;
			productRefGroup = 1E1D7FEE281D5CBE00B64954 /* Products */;
			projectDirPath = "";
			projectRoot = "";
			targets = (
				1E1D7FEC281D5CBE00B64954 /* VoiceOver Designer */,
				1E7555C02895918400024714 /* MacOSPreview */,
				1EA7411528B2683000D6CAA4 /* VoiceOverDesignerUITests */,
			);
		};
/* End PBXProject section */

/* Begin PBXResourcesBuildPhase section */
		1E1D7FEB281D5CBE00B64954 /* Resources */ = {
			isa = PBXResourcesBuildPhase;
			buildActionMask = 2147483647;
			files = (
				1E1D7FF5281D5CBF00B64954 /* Assets.xcassets in Resources */,
				1E1D7FF8281D5CBF00B64954 /* ProjectsWindowController.storyboard in Resources */,
				1E183AE228B500B3008B0F07 /* MainMenu.xib in Resources */,
			);
			runOnlyForDeploymentPostprocessing = 0;
		};
		1E7555BF2895918400024714 /* Resources */ = {
			isa = PBXResourcesBuildPhase;
			buildActionMask = 2147483647;
			files = (
			);
			runOnlyForDeploymentPostprocessing = 0;
		};
		1EA7411428B2683000D6CAA4 /* Resources */ = {
			isa = PBXResourcesBuildPhase;
			buildActionMask = 2147483647;
			files = (
			);
			runOnlyForDeploymentPostprocessing = 0;
		};
/* End PBXResourcesBuildPhase section */

/* Begin PBXSourcesBuildPhase section */
		1E1D7FE9281D5CBE00B64954 /* Sources */ = {
			isa = PBXSourcesBuildPhase;
			buildActionMask = 2147483647;
			files = (
				1E0030B82896C50400B2E238 /* ProjectController.swift in Sources */,
				1E80528D28B4E98C00743023 /* main.swift in Sources */,
				1EC992DB28B119730020041B /* ProjectController+Toolbar.swift in Sources */,
				1E579B20282447D900B13565 /* ProjectsWindowController.swift in Sources */,
				1E1D7FF1281D5CBE00B64954 /* AppDelegate.swift in Sources */,
				1E579B9C2825485300B13565 /* VODocumentController.swift in Sources */,
				1E80529528B4F42900743023 /* MainMenu.swift in Sources */,
				1E80528928B4E71E00743023 /* WindowManager.swift in Sources */,
			);
			runOnlyForDeploymentPostprocessing = 0;
		};
		1E7555BD2895918400024714 /* Sources */ = {
			isa = PBXSourcesBuildPhase;
			buildActionMask = 2147483647;
			files = (
				1E7555C82895918400024714 /* ThumbnailProvider.swift in Sources */,
			);
			runOnlyForDeploymentPostprocessing = 0;
		};
		1EA7411228B2683000D6CAA4 /* Sources */ = {
			isa = PBXSourcesBuildPhase;
			buildActionMask = 2147483647;
			files = (
				1EB554B228B274B6000DC4FB /* Robot.swift in Sources */,
				1E7B56A728B37C51008D1871 /* ProjectsWindow.swift in Sources */,
				1E7B569C28B37B7C008D1871 /* DesignerTests.swift in Sources */,
				1E7B569F28B37BE0008D1871 /* Settings.swift in Sources */,
				1E7B56AC28B38103008D1871 /* DocumentTests.swift in Sources */,
				1E7B56A528B37C39008D1871 /* ProjectWindow.swift in Sources */,
				1E7B56AF28B38F5D008D1871 /* AdjustableTest.swift in Sources */,
				1E7B56AA28B38042008D1871 /* Canvas.swift in Sources */,
				1E7B56A128B37BEF008D1871 /* TextSummary.swift in Sources */,
				1E7B56A328B37C07008D1871 /* ProjectPanel.swift in Sources */,
				1EA7411928B2683000D6CAA4 /* DrawingTests.swift in Sources */,
				1E80528728B4DF6300743023 /* WindowTests.swift in Sources */,
			);
			runOnlyForDeploymentPostprocessing = 0;
		};
/* End PBXSourcesBuildPhase section */

/* Begin PBXTargetDependency section */
		1E7555CC2895918400024714 /* PBXTargetDependency */ = {
			isa = PBXTargetDependency;
			target = 1E7555C02895918400024714 /* MacOSPreview */;
			targetProxy = 1E7555CB2895918400024714 /* PBXContainerItemProxy */;
		};
		1EA7411D28B2683000D6CAA4 /* PBXTargetDependency */ = {
			isa = PBXTargetDependency;
			target = 1E1D7FEC281D5CBE00B64954 /* VoiceOver Designer */;
			targetProxy = 1EA7411C28B2683000D6CAA4 /* PBXContainerItemProxy */;
		};
/* End PBXTargetDependency section */

/* Begin PBXVariantGroup section */
		1E1D7FF6281D5CBF00B64954 /* ProjectsWindowController.storyboard */ = {
			isa = PBXVariantGroup;
			children = (
				1E1D7FF7281D5CBF00B64954 /* Base */,
			);
			name = ProjectsWindowController.storyboard;
			sourceTree = "<group>";
		};
/* End PBXVariantGroup section */

/* Begin XCBuildConfiguration section */
		1E1D8010281D5CC000B64954 /* Debug */ = {
			isa = XCBuildConfiguration;
			buildSettings = {
				ALWAYS_SEARCH_USER_PATHS = NO;
				CLANG_ANALYZER_NONNULL = YES;
				CLANG_ANALYZER_NUMBER_OBJECT_CONVERSION = YES_AGGRESSIVE;
				CLANG_CXX_LANGUAGE_STANDARD = "gnu++17";
				CLANG_ENABLE_MODULES = YES;
				CLANG_ENABLE_OBJC_ARC = YES;
				CLANG_ENABLE_OBJC_WEAK = YES;
				CLANG_WARN_BLOCK_CAPTURE_AUTORELEASING = YES;
				CLANG_WARN_BOOL_CONVERSION = YES;
				CLANG_WARN_COMMA = YES;
				CLANG_WARN_CONSTANT_CONVERSION = YES;
				CLANG_WARN_DEPRECATED_OBJC_IMPLEMENTATIONS = YES;
				CLANG_WARN_DIRECT_OBJC_ISA_USAGE = YES_ERROR;
				CLANG_WARN_DOCUMENTATION_COMMENTS = YES;
				CLANG_WARN_EMPTY_BODY = YES;
				CLANG_WARN_ENUM_CONVERSION = YES;
				CLANG_WARN_INFINITE_RECURSION = YES;
				CLANG_WARN_INT_CONVERSION = YES;
				CLANG_WARN_NON_LITERAL_NULL_CONVERSION = YES;
				CLANG_WARN_OBJC_IMPLICIT_RETAIN_SELF = YES;
				CLANG_WARN_OBJC_LITERAL_CONVERSION = YES;
				CLANG_WARN_OBJC_ROOT_CLASS = YES_ERROR;
				CLANG_WARN_QUOTED_INCLUDE_IN_FRAMEWORK_HEADER = YES;
				CLANG_WARN_RANGE_LOOP_ANALYSIS = YES;
				CLANG_WARN_STRICT_PROTOTYPES = YES;
				CLANG_WARN_SUSPICIOUS_MOVE = YES;
				CLANG_WARN_UNGUARDED_AVAILABILITY = YES_AGGRESSIVE;
				CLANG_WARN_UNREACHABLE_CODE = YES;
				CLANG_WARN__DUPLICATE_METHOD_MATCH = YES;
				COPY_PHASE_STRIP = NO;
				DEBUG_INFORMATION_FORMAT = dwarf;
				ENABLE_STRICT_OBJC_MSGSEND = YES;
				ENABLE_TESTABILITY = YES;
				GCC_C_LANGUAGE_STANDARD = gnu11;
				GCC_DYNAMIC_NO_PIC = NO;
				GCC_NO_COMMON_BLOCKS = YES;
				GCC_OPTIMIZATION_LEVEL = 0;
				GCC_PREPROCESSOR_DEFINITIONS = (
					"DEBUG=1",
					"$(inherited)",
				);
				GCC_WARN_64_TO_32_BIT_CONVERSION = YES;
				GCC_WARN_ABOUT_RETURN_TYPE = YES_ERROR;
				GCC_WARN_UNDECLARED_SELECTOR = YES;
				GCC_WARN_UNINITIALIZED_AUTOS = YES_AGGRESSIVE;
				GCC_WARN_UNUSED_FUNCTION = YES;
				GCC_WARN_UNUSED_VARIABLE = YES;
				MACOSX_DEPLOYMENT_TARGET = 12.3;
				MTL_ENABLE_DEBUG_INFO = INCLUDE_SOURCE;
				MTL_FAST_MATH = YES;
				ONLY_ACTIVE_ARCH = YES;
				SDKROOT = macosx;
				SWIFT_ACTIVE_COMPILATION_CONDITIONS = DEBUG;
				SWIFT_OPTIMIZATION_LEVEL = "-Onone";
			};
			name = Debug;
		};
		1E1D8011281D5CC000B64954 /* Release */ = {
			isa = XCBuildConfiguration;
			buildSettings = {
				ALWAYS_SEARCH_USER_PATHS = NO;
				CLANG_ANALYZER_NONNULL = YES;
				CLANG_ANALYZER_NUMBER_OBJECT_CONVERSION = YES_AGGRESSIVE;
				CLANG_CXX_LANGUAGE_STANDARD = "gnu++17";
				CLANG_ENABLE_MODULES = YES;
				CLANG_ENABLE_OBJC_ARC = YES;
				CLANG_ENABLE_OBJC_WEAK = YES;
				CLANG_WARN_BLOCK_CAPTURE_AUTORELEASING = YES;
				CLANG_WARN_BOOL_CONVERSION = YES;
				CLANG_WARN_COMMA = YES;
				CLANG_WARN_CONSTANT_CONVERSION = YES;
				CLANG_WARN_DEPRECATED_OBJC_IMPLEMENTATIONS = YES;
				CLANG_WARN_DIRECT_OBJC_ISA_USAGE = YES_ERROR;
				CLANG_WARN_DOCUMENTATION_COMMENTS = YES;
				CLANG_WARN_EMPTY_BODY = YES;
				CLANG_WARN_ENUM_CONVERSION = YES;
				CLANG_WARN_INFINITE_RECURSION = YES;
				CLANG_WARN_INT_CONVERSION = YES;
				CLANG_WARN_NON_LITERAL_NULL_CONVERSION = YES;
				CLANG_WARN_OBJC_IMPLICIT_RETAIN_SELF = YES;
				CLANG_WARN_OBJC_LITERAL_CONVERSION = YES;
				CLANG_WARN_OBJC_ROOT_CLASS = YES_ERROR;
				CLANG_WARN_QUOTED_INCLUDE_IN_FRAMEWORK_HEADER = YES;
				CLANG_WARN_RANGE_LOOP_ANALYSIS = YES;
				CLANG_WARN_STRICT_PROTOTYPES = YES;
				CLANG_WARN_SUSPICIOUS_MOVE = YES;
				CLANG_WARN_UNGUARDED_AVAILABILITY = YES_AGGRESSIVE;
				CLANG_WARN_UNREACHABLE_CODE = YES;
				CLANG_WARN__DUPLICATE_METHOD_MATCH = YES;
				COPY_PHASE_STRIP = NO;
				DEBUG_INFORMATION_FORMAT = "dwarf-with-dsym";
				ENABLE_NS_ASSERTIONS = NO;
				ENABLE_STRICT_OBJC_MSGSEND = YES;
				GCC_C_LANGUAGE_STANDARD = gnu11;
				GCC_NO_COMMON_BLOCKS = YES;
				GCC_WARN_64_TO_32_BIT_CONVERSION = YES;
				GCC_WARN_ABOUT_RETURN_TYPE = YES_ERROR;
				GCC_WARN_UNDECLARED_SELECTOR = YES;
				GCC_WARN_UNINITIALIZED_AUTOS = YES_AGGRESSIVE;
				GCC_WARN_UNUSED_FUNCTION = YES;
				GCC_WARN_UNUSED_VARIABLE = YES;
				MACOSX_DEPLOYMENT_TARGET = 12.3;
				MTL_ENABLE_DEBUG_INFO = NO;
				MTL_FAST_MATH = YES;
				SDKROOT = macosx;
				SWIFT_COMPILATION_MODE = wholemodule;
				SWIFT_OPTIMIZATION_LEVEL = "-O";
			};
			name = Release;
		};
		1E1D8013281D5CC000B64954 /* Debug */ = {
			isa = XCBuildConfiguration;
			buildSettings = {
				ALWAYS_EMBED_SWIFT_STANDARD_LIBRARIES = YES;
				ASSETCATALOG_COMPILER_APPICON_NAME = AppIcon;
				ASSETCATALOG_COMPILER_GLOBAL_ACCENT_COLOR_NAME = AccentColor;
				CODE_SIGN_ENTITLEMENTS = "VoiceOver Designer/VoiceOver_Designer.entitlements";
				CODE_SIGN_STYLE = Automatic;
				COMBINE_HIDPI_IMAGES = YES;
				CURRENT_PROJECT_VERSION = 3;
				DEVELOPMENT_TEAM = P67Q4Q7HA9;
				ENABLE_HARDENED_RUNTIME = YES;
				GENERATE_INFOPLIST_FILE = YES;
				INFOPLIST_FILE = "VoiceOver-Designer-Info.plist";
				INFOPLIST_KEY_LSApplicationCategoryType = "public.app-category.developer-tools";
				INFOPLIST_KEY_NSHumanReadableCopyright = "";
				INFOPLIST_KEY_NSPrincipalClass = NSApplication;
				LD_RUNPATH_SEARCH_PATHS = (
					"$(inherited)",
					"@executable_path/../Frameworks",
				);
				MACOSX_DEPLOYMENT_TARGET = 12.0;
				MARKETING_VERSION = 1.0;
				PRODUCT_BUNDLE_IDENTIFIER = "com.akaDuality.VoiceOver-Designer";
				PRODUCT_NAME = "$(TARGET_NAME)";
				SWIFT_EMIT_LOC_STRINGS = YES;
				SWIFT_VERSION = 5.0;
			};
			name = Debug;
		};
		1E1D8014281D5CC000B64954 /* Release */ = {
			isa = XCBuildConfiguration;
			buildSettings = {
				ALWAYS_EMBED_SWIFT_STANDARD_LIBRARIES = YES;
				ASSETCATALOG_COMPILER_APPICON_NAME = AppIcon;
				ASSETCATALOG_COMPILER_GLOBAL_ACCENT_COLOR_NAME = AccentColor;
				CODE_SIGN_ENTITLEMENTS = "VoiceOver Designer/VoiceOver_Designer.entitlements";
				CODE_SIGN_STYLE = Automatic;
				COMBINE_HIDPI_IMAGES = YES;
				CURRENT_PROJECT_VERSION = 3;
				DEVELOPMENT_TEAM = P67Q4Q7HA9;
				ENABLE_HARDENED_RUNTIME = YES;
				GENERATE_INFOPLIST_FILE = YES;
				INFOPLIST_FILE = "VoiceOver-Designer-Info.plist";
				INFOPLIST_KEY_LSApplicationCategoryType = "public.app-category.developer-tools";
				INFOPLIST_KEY_NSHumanReadableCopyright = "";
				INFOPLIST_KEY_NSPrincipalClass = NSApplication;
				LD_RUNPATH_SEARCH_PATHS = (
					"$(inherited)",
					"@executable_path/../Frameworks",
				);
				MACOSX_DEPLOYMENT_TARGET = 12.0;
				MARKETING_VERSION = 1.0;
				PRODUCT_BUNDLE_IDENTIFIER = "com.akaDuality.VoiceOver-Designer";
				PRODUCT_NAME = "$(TARGET_NAME)";
				SWIFT_EMIT_LOC_STRINGS = YES;
				SWIFT_VERSION = 5.0;
			};
			name = Release;
		};
		1E7555CF2895918400024714 /* Debug */ = {
			isa = XCBuildConfiguration;
			buildSettings = {
				CODE_SIGN_ENTITLEMENTS = MacOSPreview/MacOSPreview.entitlements;
				CODE_SIGN_STYLE = Automatic;
				CURRENT_PROJECT_VERSION = 3;
				DEVELOPMENT_TEAM = P67Q4Q7HA9;
				ENABLE_HARDENED_RUNTIME = YES;
				GENERATE_INFOPLIST_FILE = YES;
				INFOPLIST_FILE = MacOSPreview/Info.plist;
				INFOPLIST_KEY_CFBundleDisplayName = MacOSPreview;
				INFOPLIST_KEY_NSHumanReadableCopyright = "";
				LD_RUNPATH_SEARCH_PATHS = (
					"$(inherited)",
					"@executable_path/../Frameworks",
					"@executable_path/../../../../Frameworks",
				);
				MACOSX_DEPLOYMENT_TARGET = 10.15;
				MARKETING_VERSION = 1.0;
				PRODUCT_BUNDLE_IDENTIFIER = "com.akaDuality.VoiceOver-Designer.MacOSPreview";
				PRODUCT_NAME = "$(TARGET_NAME)";
				SKIP_INSTALL = YES;
				SWIFT_EMIT_LOC_STRINGS = YES;
				SWIFT_VERSION = 5.0;
			};
			name = Debug;
		};
		1E7555D02895918400024714 /* Release */ = {
			isa = XCBuildConfiguration;
			buildSettings = {
				CODE_SIGN_ENTITLEMENTS = MacOSPreview/MacOSPreview.entitlements;
				CODE_SIGN_STYLE = Automatic;
				CURRENT_PROJECT_VERSION = 3;
				DEVELOPMENT_TEAM = P67Q4Q7HA9;
				ENABLE_HARDENED_RUNTIME = YES;
				GENERATE_INFOPLIST_FILE = YES;
				INFOPLIST_FILE = MacOSPreview/Info.plist;
				INFOPLIST_KEY_CFBundleDisplayName = MacOSPreview;
				INFOPLIST_KEY_NSHumanReadableCopyright = "";
				LD_RUNPATH_SEARCH_PATHS = (
					"$(inherited)",
					"@executable_path/../Frameworks",
					"@executable_path/../../../../Frameworks",
				);
				MACOSX_DEPLOYMENT_TARGET = 10.15;
				MARKETING_VERSION = 1.0;
				PRODUCT_BUNDLE_IDENTIFIER = "com.akaDuality.VoiceOver-Designer.MacOSPreview";
				PRODUCT_NAME = "$(TARGET_NAME)";
				SKIP_INSTALL = YES;
				SWIFT_EMIT_LOC_STRINGS = YES;
				SWIFT_VERSION = 5.0;
			};
			name = Release;
		};
		1EA7411E28B2683000D6CAA4 /* Debug */ = {
			isa = XCBuildConfiguration;
			buildSettings = {
				CODE_SIGN_STYLE = Automatic;
				CURRENT_PROJECT_VERSION = 1;
				DEVELOPMENT_TEAM = P67Q4Q7HA9;
				GENERATE_INFOPLIST_FILE = YES;
				MARKETING_VERSION = 1.0;
				PRODUCT_BUNDLE_IDENTIFIER = com.akaDuality.VoiceOverDesignerUITests;
				PRODUCT_NAME = "$(TARGET_NAME)";
				SWIFT_EMIT_LOC_STRINGS = NO;
				SWIFT_VERSION = 5.0;
				TEST_TARGET_NAME = "VoiceOver Designer";
			};
			name = Debug;
		};
		1EA7411F28B2683000D6CAA4 /* Release */ = {
			isa = XCBuildConfiguration;
			buildSettings = {
				CODE_SIGN_STYLE = Automatic;
				CURRENT_PROJECT_VERSION = 1;
				DEVELOPMENT_TEAM = P67Q4Q7HA9;
				GENERATE_INFOPLIST_FILE = YES;
				MARKETING_VERSION = 1.0;
				PRODUCT_BUNDLE_IDENTIFIER = com.akaDuality.VoiceOverDesignerUITests;
				PRODUCT_NAME = "$(TARGET_NAME)";
				SWIFT_EMIT_LOC_STRINGS = NO;
				SWIFT_VERSION = 5.0;
				TEST_TARGET_NAME = "VoiceOver Designer";
			};
			name = Release;
		};
/* End XCBuildConfiguration section */

/* Begin XCConfigurationList section */
		1E1D7FE8281D5CBE00B64954 /* Build configuration list for PBXProject "VoiceOver Designer" */ = {
			isa = XCConfigurationList;
			buildConfigurations = (
				1E1D8010281D5CC000B64954 /* Debug */,
				1E1D8011281D5CC000B64954 /* Release */,
			);
			defaultConfigurationIsVisible = 0;
			defaultConfigurationName = Release;
		};
		1E1D8012281D5CC000B64954 /* Build configuration list for PBXNativeTarget "VoiceOver Designer" */ = {
			isa = XCConfigurationList;
			buildConfigurations = (
				1E1D8013281D5CC000B64954 /* Debug */,
				1E1D8014281D5CC000B64954 /* Release */,
			);
			defaultConfigurationIsVisible = 0;
			defaultConfigurationName = Release;
		};
		1E7555D12895918400024714 /* Build configuration list for PBXNativeTarget "MacOSPreview" */ = {
			isa = XCConfigurationList;
			buildConfigurations = (
				1E7555CF2895918400024714 /* Debug */,
				1E7555D02895918400024714 /* Release */,
			);
			defaultConfigurationIsVisible = 0;
			defaultConfigurationName = Release;
		};
		1EA7412028B2683000D6CAA4 /* Build configuration list for PBXNativeTarget "VoiceOverDesignerUITests" */ = {
			isa = XCConfigurationList;
			buildConfigurations = (
				1EA7411E28B2683000D6CAA4 /* Debug */,
				1EA7411F28B2683000D6CAA4 /* Release */,
			);
			defaultConfigurationIsVisible = 0;
			defaultConfigurationName = Release;
		};
/* End XCConfigurationList section */

/* Begin XCSwiftPackageProductDependency section */
		1E033901281E737000EE373E /* Document */ = {
			isa = XCSwiftPackageProductDependency;
			productName = Document;
		};
		1E25D6772896967C00D06A9F /* TextUI */ = {
			isa = XCSwiftPackageProductDependency;
			productName = TextUI;
		};
		1E25D679289696E900D06A9F /* Settings */ = {
			isa = XCSwiftPackageProductDependency;
			productName = Settings;
		};
		1E7555D2289591B900024714 /* Document */ = {
			isa = XCSwiftPackageProductDependency;
			productName = Document;
		};
		6B628796288D3F60006F622A /* Projects */ = {
			isa = XCSwiftPackageProductDependency;
			productName = Projects;
		};
		6B628798288D4039006F622A /* Editor */ = {
			isa = XCSwiftPackageProductDependency;
			productName = Editor;
		};
/* End XCSwiftPackageProductDependency section */
	};
	rootObject = 1E1D7FE5281D5CBE00B64954 /* Project object */;
}
